// !$*UTF8*$!
{
	archiveVersion = 1;
	classes = {
	};
	objectVersion = 46;
	objects = {

/* Begin PBXBuildFile section */
		2F0E2CB41C7BDC03004FDA0F /* SYStoryTool.m in Sources */ = {isa = PBXBuildFile; fileRef = 2F0E2CB31C7BDC03004FDA0F /* SYStoryTool.m */; };
		2F0E2CB71C7BDD2B004FDA0F /* SYDetailStory.m in Sources */ = {isa = PBXBuildFile; fileRef = 2F0E2CB61C7BDD2B004FDA0F /* SYDetailStory.m */; };
		2F0E2CBA1C7BE1A0004FDA0F /* SYExtraStory.m in Sources */ = {isa = PBXBuildFile; fileRef = 2F0E2CB91C7BE1A0004FDA0F /* SYExtraStory.m */; };
		2F0E2CBD1C7BE7F7004FDA0F /* SYImageView.m in Sources */ = {isa = PBXBuildFile; fileRef = 2F0E2CBC1C7BE7F7004FDA0F /* SYImageView.m */; };
		2F0E2CC41C7BF071004FDA0F /* MBProgressHUD+YS.m in Sources */ = {isa = PBXBuildFile; fileRef = 2F0E2CC01C7BF071004FDA0F /* MBProgressHUD+YS.m */; };
		2F0E2CC51C7BF071004FDA0F /* MBProgressHUD.bundle in Resources */ = {isa = PBXBuildFile; fileRef = 2F0E2CC11C7BF071004FDA0F /* MBProgressHUD.bundle */; };
		2F0E2CC61C7BF071004FDA0F /* MBProgressHUD.m in Sources */ = {isa = PBXBuildFile; fileRef = 2F0E2CC31C7BF071004FDA0F /* MBProgressHUD.m */; };
		2F2CCB7B1C7AE49000C45E3D /* SYMenuItem.m in Sources */ = {isa = PBXBuildFile; fileRef = 2F2CCB7A1C7AE49000C45E3D /* SYMenuItem.m */; };
		2F2CCB8B1C7AF1C100C45E3D /* SYHomeController.m in Sources */ = {isa = PBXBuildFile; fileRef = 2F2CCB8A1C7AF1C100C45E3D /* SYHomeController.m */; };
		2F2CCB971C7B016500C45E3D /* SYTableViewCell.m in Sources */ = {isa = PBXBuildFile; fileRef = 2F2CCB951C7B016500C45E3D /* SYTableViewCell.m */; };
		2F2CCB981C7B016500C45E3D /* SYTableViewCell.xib in Resources */ = {isa = PBXBuildFile; fileRef = 2F2CCB961C7B016500C45E3D /* SYTableViewCell.xib */; };
		2F2CCB9E1C7B043000C45E3D /* SYLastestGroup.m in Sources */ = {isa = PBXBuildFile; fileRef = 2F2CCB9D1C7B043000C45E3D /* SYLastestGroup.m */; };
		2F2CCBA41C7B088E00C45E3D /* SYLastestParamResult.m in Sources */ = {isa = PBXBuildFile; fileRef = 2F2CCBA31C7B088E00C45E3D /* SYLastestParamResult.m */; };
		2F2CCBA71C7B08F600C45E3D /* SYStory.m in Sources */ = {isa = PBXBuildFile; fileRef = 2F2CCBA61C7B08F600C45E3D /* SYStory.m */; };
		2F2CCBA91C7B0B2100C45E3D /* example.json in Resources */ = {isa = PBXBuildFile; fileRef = 2F2CCBA81C7B0B2100C45E3D /* example.json */; };
		2F2CCBC01C7B0C1400C45E3D /* MJExtensionConst.m in Sources */ = {isa = PBXBuildFile; fileRef = 2F2CCBAD1C7B0C1400C45E3D /* MJExtensionConst.m */; };
		2F2CCBC11C7B0C1400C45E3D /* MJFoundation.m in Sources */ = {isa = PBXBuildFile; fileRef = 2F2CCBAF1C7B0C1400C45E3D /* MJFoundation.m */; };
		2F2CCBC21C7B0C1400C45E3D /* MJProperty.m in Sources */ = {isa = PBXBuildFile; fileRef = 2F2CCBB11C7B0C1400C45E3D /* MJProperty.m */; };
		2F2CCBC31C7B0C1400C45E3D /* MJPropertyKey.m in Sources */ = {isa = PBXBuildFile; fileRef = 2F2CCBB31C7B0C1400C45E3D /* MJPropertyKey.m */; };
		2F2CCBC41C7B0C1400C45E3D /* MJPropertyType.m in Sources */ = {isa = PBXBuildFile; fileRef = 2F2CCBB51C7B0C1400C45E3D /* MJPropertyType.m */; };
		2F2CCBC51C7B0C1400C45E3D /* NSObject+MJClass.m in Sources */ = {isa = PBXBuildFile; fileRef = 2F2CCBB71C7B0C1400C45E3D /* NSObject+MJClass.m */; };
		2F2CCBC61C7B0C1400C45E3D /* NSObject+MJCoding.m in Sources */ = {isa = PBXBuildFile; fileRef = 2F2CCBB91C7B0C1400C45E3D /* NSObject+MJCoding.m */; };
		2F2CCBC71C7B0C1400C45E3D /* NSObject+MJKeyValue.m in Sources */ = {isa = PBXBuildFile; fileRef = 2F2CCBBB1C7B0C1400C45E3D /* NSObject+MJKeyValue.m */; };
		2F2CCBC81C7B0C1400C45E3D /* NSObject+MJProperty.m in Sources */ = {isa = PBXBuildFile; fileRef = 2F2CCBBD1C7B0C1400C45E3D /* NSObject+MJProperty.m */; };
		2F2CCBC91C7B0C1400C45E3D /* NSString+MJExtension.m in Sources */ = {isa = PBXBuildFile; fileRef = 2F2CCBBF1C7B0C1400C45E3D /* NSString+MJExtension.m */; };
		2F2CCBCC1C7B156500C45E3D /* ViewController.m in Sources */ = {isa = PBXBuildFile; fileRef = 2F2CCBCB1C7B156500C45E3D /* ViewController.m */; };
		2F2CCBCF1C7B26F100C45E3D /* SYSettingController.m in Sources */ = {isa = PBXBuildFile; fileRef = 2F2CCBCE1C7B26F100C45E3D /* SYSettingController.m */; };
		2F37AB5E1C7B34BA00D3CD65 /* SYChannelController.m in Sources */ = {isa = PBXBuildFile; fileRef = 2F37AB5D1C7B34BA00D3CD65 /* SYChannelController.m */; };
		2F37AB611C7B353300D3CD65 /* SYChannelViewCell.m in Sources */ = {isa = PBXBuildFile; fileRef = 2F37AB601C7B353300D3CD65 /* SYChannelViewCell.m */; };
		2F37AB651C7B4A0F00D3CD65 /* SYProfileController.m in Sources */ = {isa = PBXBuildFile; fileRef = 2F37AB631C7B4A0F00D3CD65 /* SYProfileController.m */; };
		2F37AB691C7B4EFF00D3CD65 /* SYDetailController.m in Sources */ = {isa = PBXBuildFile; fileRef = 2F37AB681C7B4EFF00D3CD65 /* SYDetailController.m */; };
		2F37AB6D1C7B63F000D3CD65 /* UINavigationController+FDFullscreenPopGesture.m in Sources */ = {isa = PBXBuildFile; fileRef = 2F37AB6C1C7B63F000D3CD65 /* UINavigationController+FDFullscreenPopGesture.m */; };
		2F37AB781C7B675100D3CD65 /* MMDrawerBarButtonItem.m in Sources */ = {isa = PBXBuildFile; fileRef = 2F37AB701C7B675100D3CD65 /* MMDrawerBarButtonItem.m */; };
		2F37AB791C7B675100D3CD65 /* MMDrawerController.m in Sources */ = {isa = PBXBuildFile; fileRef = 2F37AB731C7B675100D3CD65 /* MMDrawerController.m */; };
		2F37AB7A1C7B675100D3CD65 /* MMDrawerVisualState.m in Sources */ = {isa = PBXBuildFile; fileRef = 2F37AB751C7B675100D3CD65 /* MMDrawerVisualState.m */; };
		2F37AB7B1C7B675100D3CD65 /* UIViewController+MMDrawerController.m in Sources */ = {isa = PBXBuildFile; fileRef = 2F37AB771C7B675100D3CD65 /* UIViewController+MMDrawerController.m */; };
		2F37AB7E1C7B6D5200D3CD65 /* UIView+Extension.m in Sources */ = {isa = PBXBuildFile; fileRef = 2F37AB7D1C7B6D5200D3CD65 /* UIView+Extension.m */; };
		2F37AB811C7B6E0300D3CD65 /* SYTopView.m in Sources */ = {isa = PBXBuildFile; fileRef = 2F37AB801C7B6E0300D3CD65 /* SYTopView.m */; };
		2F37AB831C7B6E0F00D3CD65 /* SYTopView.xib in Resources */ = {isa = PBXBuildFile; fileRef = 2F37AB821C7B6E0F00D3CD65 /* SYTopView.xib */; };
		2F37AB861C7B7D7C00D3CD65 /* SYWebViewController.m in Sources */ = {isa = PBXBuildFile; fileRef = 2F37AB851C7B7D7C00D3CD65 /* SYWebViewController.m */; };
		2F37AB891C7B7F0B00D3CD65 /* SYStoryNavigationView.m in Sources */ = {isa = PBXBuildFile; fileRef = 2F37AB881C7B7F0B00D3CD65 /* SYStoryNavigationView.m */; };
		2F37AB8B1C7B7F1600D3CD65 /* SYStoryNavigationView.xib in Resources */ = {isa = PBXBuildFile; fileRef = 2F37AB8A1C7B7F1600D3CD65 /* SYStoryNavigationView.xib */; };
		2F9995D61C7C0F6B0072C8F0 /* SYWebNavigationView.xib in Resources */ = {isa = PBXBuildFile; fileRef = 2F9995D51C7C0F6B0072C8F0 /* SYWebNavigationView.xib */; };
		2FC5874B1C79FDEB003C9A7A /* main.m in Sources */ = {isa = PBXBuildFile; fileRef = 2FC5874A1C79FDEB003C9A7A /* main.m */; };
		2FC5874E1C79FDEB003C9A7A /* AppDelegate.m in Sources */ = {isa = PBXBuildFile; fileRef = 2FC5874D1C79FDEB003C9A7A /* AppDelegate.m */; };
		2FC587541C79FDEB003C9A7A /* Main.storyboard in Resources */ = {isa = PBXBuildFile; fileRef = 2FC587521C79FDEB003C9A7A /* Main.storyboard */; };
		2FC587561C79FDEB003C9A7A /* Assets.xcassets in Resources */ = {isa = PBXBuildFile; fileRef = 2FC587551C79FDEB003C9A7A /* Assets.xcassets */; };
		2FC587591C79FDEB003C9A7A /* LaunchScreen.storyboard in Resources */ = {isa = PBXBuildFile; fileRef = 2FC587571C79FDEB003C9A7A /* LaunchScreen.storyboard */; };
		2FC587641C79FDEB003C9A7A /* zhihuDailyTests.m in Sources */ = {isa = PBXBuildFile; fileRef = 2FC587631C79FDEB003C9A7A /* zhihuDailyTests.m */; };
		2FC5876F1C79FDEB003C9A7A /* zhihuDailyUITests.m in Sources */ = {isa = PBXBuildFile; fileRef = 2FC5876E1C79FDEB003C9A7A /* zhihuDailyUITests.m */; };
		2FC587831C79FECA003C9A7A /* SYMainToolBox.m in Sources */ = {isa = PBXBuildFile; fileRef = 2FC587821C79FECA003C9A7A /* SYMainToolBox.m */; };
		2FC587851C79FED8003C9A7A /* SYMainToolBox.xib in Resources */ = {isa = PBXBuildFile; fileRef = 2FC587841C79FED8003C9A7A /* SYMainToolBox.xib */; };
		2FC5879E1C7A0956003C9A7A /* AFHTTPRequestOperation.m in Sources */ = {isa = PBXBuildFile; fileRef = 2FC5878C1C7A0956003C9A7A /* AFHTTPRequestOperation.m */; };
		2FC5879F1C7A0956003C9A7A /* AFHTTPRequestOperationManager.m in Sources */ = {isa = PBXBuildFile; fileRef = 2FC5878E1C7A0956003C9A7A /* AFHTTPRequestOperationManager.m */; };
		2FC587A01C7A0956003C9A7A /* AFHTTPSessionManager.m in Sources */ = {isa = PBXBuildFile; fileRef = 2FC587901C7A0956003C9A7A /* AFHTTPSessionManager.m */; };
		2FC587A11C7A0956003C9A7A /* AFNetworkReachabilityManager.m in Sources */ = {isa = PBXBuildFile; fileRef = 2FC587931C7A0956003C9A7A /* AFNetworkReachabilityManager.m */; };
		2FC587A21C7A0956003C9A7A /* AFSecurityPolicy.m in Sources */ = {isa = PBXBuildFile; fileRef = 2FC587951C7A0956003C9A7A /* AFSecurityPolicy.m */; };
		2FC587A31C7A0956003C9A7A /* AFURLConnectionOperation.m in Sources */ = {isa = PBXBuildFile; fileRef = 2FC587971C7A0956003C9A7A /* AFURLConnectionOperation.m */; };
		2FC587A41C7A0956003C9A7A /* AFURLRequestSerialization.m in Sources */ = {isa = PBXBuildFile; fileRef = 2FC587991C7A0956003C9A7A /* AFURLRequestSerialization.m */; };
		2FC587A51C7A0956003C9A7A /* AFURLResponseSerialization.m in Sources */ = {isa = PBXBuildFile; fileRef = 2FC5879B1C7A0956003C9A7A /* AFURLResponseSerialization.m */; };
		2FC587A61C7A0956003C9A7A /* AFURLSessionManager.m in Sources */ = {isa = PBXBuildFile; fileRef = 2FC5879D1C7A0956003C9A7A /* AFURLSessionManager.m */; };
		2FC587D01C7A096A003C9A7A /* MKAnnotationView+WebCache.m in Sources */ = {isa = PBXBuildFile; fileRef = 2FC587B01C7A096A003C9A7A /* MKAnnotationView+WebCache.m */; };
		2FC587D11C7A096A003C9A7A /* NSData+ImageContentType.m in Sources */ = {isa = PBXBuildFile; fileRef = 2FC587B21C7A096A003C9A7A /* NSData+ImageContentType.m */; };
		2FC587D21C7A096A003C9A7A /* SDImageCache.m in Sources */ = {isa = PBXBuildFile; fileRef = 2FC587B41C7A096A003C9A7A /* SDImageCache.m */; };
		2FC587D31C7A096A003C9A7A /* SDWebImageCompat.m in Sources */ = {isa = PBXBuildFile; fileRef = 2FC587B61C7A096A003C9A7A /* SDWebImageCompat.m */; };
		2FC587D41C7A096A003C9A7A /* SDWebImageDecoder.m in Sources */ = {isa = PBXBuildFile; fileRef = 2FC587B81C7A096A003C9A7A /* SDWebImageDecoder.m */; };
		2FC587D51C7A096A003C9A7A /* SDWebImageDownloader.m in Sources */ = {isa = PBXBuildFile; fileRef = 2FC587BA1C7A096A003C9A7A /* SDWebImageDownloader.m */; };
		2FC587D61C7A096A003C9A7A /* SDWebImageDownloaderOperation.m in Sources */ = {isa = PBXBuildFile; fileRef = 2FC587BC1C7A096A003C9A7A /* SDWebImageDownloaderOperation.m */; };
		2FC587D71C7A096A003C9A7A /* SDWebImageManager.m in Sources */ = {isa = PBXBuildFile; fileRef = 2FC587BE1C7A096A003C9A7A /* SDWebImageManager.m */; };
		2FC587D81C7A096A003C9A7A /* SDWebImagePrefetcher.m in Sources */ = {isa = PBXBuildFile; fileRef = 2FC587C11C7A096A003C9A7A /* SDWebImagePrefetcher.m */; };
		2FC587D91C7A096A003C9A7A /* UIButton+WebCache.m in Sources */ = {isa = PBXBuildFile; fileRef = 2FC587C31C7A096A003C9A7A /* UIButton+WebCache.m */; };
		2FC587DA1C7A096A003C9A7A /* UIImage+GIF.m in Sources */ = {isa = PBXBuildFile; fileRef = 2FC587C51C7A096A003C9A7A /* UIImage+GIF.m */; };
		2FC587DB1C7A096A003C9A7A /* UIImage+MultiFormat.m in Sources */ = {isa = PBXBuildFile; fileRef = 2FC587C71C7A096A003C9A7A /* UIImage+MultiFormat.m */; };
		2FC587DC1C7A096A003C9A7A /* UIImage+WebP.m in Sources */ = {isa = PBXBuildFile; fileRef = 2FC587C91C7A096A003C9A7A /* UIImage+WebP.m */; };
		2FC587DD1C7A096A003C9A7A /* UIImageView+HighlightedWebCache.m in Sources */ = {isa = PBXBuildFile; fileRef = 2FC587CB1C7A096A003C9A7A /* UIImageView+HighlightedWebCache.m */; };
		2FC587DE1C7A096A003C9A7A /* UIImageView+WebCache.m in Sources */ = {isa = PBXBuildFile; fileRef = 2FC587CD1C7A096A003C9A7A /* UIImageView+WebCache.m */; };
		2FC587DF1C7A096A003C9A7A /* UIView+WebCacheOperation.m in Sources */ = {isa = PBXBuildFile; fileRef = 2FC587CF1C7A096A003C9A7A /* UIView+WebCacheOperation.m */; };
		2FC587FA1C7A0974003C9A7A /* MASCompositeConstraint.m in Sources */ = {isa = PBXBuildFile; fileRef = 2FC587E21C7A0974003C9A7A /* MASCompositeConstraint.m */; };
		2FC587FB1C7A0974003C9A7A /* MASConstraint.m in Sources */ = {isa = PBXBuildFile; fileRef = 2FC587E51C7A0974003C9A7A /* MASConstraint.m */; };
		2FC587FC1C7A0974003C9A7A /* MASConstraintMaker.m in Sources */ = {isa = PBXBuildFile; fileRef = 2FC587E71C7A0974003C9A7A /* MASConstraintMaker.m */; };
		2FC587FD1C7A0974003C9A7A /* MASLayoutConstraint.m in Sources */ = {isa = PBXBuildFile; fileRef = 2FC587E91C7A0974003C9A7A /* MASLayoutConstraint.m */; };
		2FC587FE1C7A0974003C9A7A /* MASViewAttribute.m in Sources */ = {isa = PBXBuildFile; fileRef = 2FC587ED1C7A0974003C9A7A /* MASViewAttribute.m */; };
		2FC587FF1C7A0974003C9A7A /* MASViewConstraint.m in Sources */ = {isa = PBXBuildFile; fileRef = 2FC587EF1C7A0974003C9A7A /* MASViewConstraint.m */; };
		2FC588001C7A0974003C9A7A /* NSArray+MASAdditions.m in Sources */ = {isa = PBXBuildFile; fileRef = 2FC587F11C7A0974003C9A7A /* NSArray+MASAdditions.m */; };
		2FC588011C7A0974003C9A7A /* NSLayoutConstraint+MASDebugAdditions.m in Sources */ = {isa = PBXBuildFile; fileRef = 2FC587F41C7A0974003C9A7A /* NSLayoutConstraint+MASDebugAdditions.m */; };
		2FC588021C7A0974003C9A7A /* View+MASAdditions.m in Sources */ = {isa = PBXBuildFile; fileRef = 2FC587F61C7A0974003C9A7A /* View+MASAdditions.m */; };
		2FC588031C7A0974003C9A7A /* ViewController+MASAdditions.m in Sources */ = {isa = PBXBuildFile; fileRef = 2FC587F91C7A0974003C9A7A /* ViewController+MASAdditions.m */; };
		2FC588071C7A0B50003C9A7A /* YSHttpTool.m in Sources */ = {isa = PBXBuildFile; fileRef = 2FC588061C7A0B50003C9A7A /* YSHttpTool.m */; };
		2FD803B71C7A3B5500C15EB7 /* SYToolButton.m in Sources */ = {isa = PBXBuildFile; fileRef = 2FD803B61C7A3B5500C15EB7 /* SYToolButton.m */; };
/* End PBXBuildFile section */

/* Begin PBXContainerItemProxy section */
		2FC587601C79FDEB003C9A7A /* PBXContainerItemProxy */ = {
			isa = PBXContainerItemProxy;
			containerPortal = 2FC5873E1C79FDEB003C9A7A /* Project object */;
			proxyType = 1;
			remoteGlobalIDString = 2FC587451C79FDEB003C9A7A;
			remoteInfo = zhihuDaily;
		};
		2FC5876B1C79FDEB003C9A7A /* PBXContainerItemProxy */ = {
			isa = PBXContainerItemProxy;
			containerPortal = 2FC5873E1C79FDEB003C9A7A /* Project object */;
			proxyType = 1;
			remoteGlobalIDString = 2FC587451C79FDEB003C9A7A;
			remoteInfo = zhihuDaily;
		};
/* End PBXContainerItemProxy section */

/* Begin PBXFileReference section */
		2F0E2CB21C7BDC03004FDA0F /* SYStoryTool.h */ = {isa = PBXFileReference; fileEncoding = 4; lastKnownFileType = sourcecode.c.h; path = SYStoryTool.h; sourceTree = "<group>"; };
		2F0E2CB31C7BDC03004FDA0F /* SYStoryTool.m */ = {isa = PBXFileReference; fileEncoding = 4; lastKnownFileType = sourcecode.c.objc; path = SYStoryTool.m; sourceTree = "<group>"; };
		2F0E2CB51C7BDD2B004FDA0F /* SYDetailStory.h */ = {isa = PBXFileReference; fileEncoding = 4; lastKnownFileType = sourcecode.c.h; path = SYDetailStory.h; sourceTree = "<group>"; };
		2F0E2CB61C7BDD2B004FDA0F /* SYDetailStory.m */ = {isa = PBXFileReference; fileEncoding = 4; lastKnownFileType = sourcecode.c.objc; path = SYDetailStory.m; sourceTree = "<group>"; };
		2F0E2CB81C7BE1A0004FDA0F /* SYExtraStory.h */ = {isa = PBXFileReference; fileEncoding = 4; lastKnownFileType = sourcecode.c.h; path = SYExtraStory.h; sourceTree = "<group>"; };
		2F0E2CB91C7BE1A0004FDA0F /* SYExtraStory.m */ = {isa = PBXFileReference; fileEncoding = 4; lastKnownFileType = sourcecode.c.objc; path = SYExtraStory.m; sourceTree = "<group>"; };
		2F0E2CBB1C7BE7F7004FDA0F /* SYImageView.h */ = {isa = PBXFileReference; fileEncoding = 4; lastKnownFileType = sourcecode.c.h; path = SYImageView.h; sourceTree = "<group>"; };
		2F0E2CBC1C7BE7F7004FDA0F /* SYImageView.m */ = {isa = PBXFileReference; fileEncoding = 4; lastKnownFileType = sourcecode.c.objc; path = SYImageView.m; sourceTree = "<group>"; };
		2F0E2CBF1C7BF071004FDA0F /* MBProgressHUD+YS.h */ = {isa = PBXFileReference; fileEncoding = 4; lastKnownFileType = sourcecode.c.h; path = "MBProgressHUD+YS.h"; sourceTree = "<group>"; };
		2F0E2CC01C7BF071004FDA0F /* MBProgressHUD+YS.m */ = {isa = PBXFileReference; fileEncoding = 4; lastKnownFileType = sourcecode.c.objc; path = "MBProgressHUD+YS.m"; sourceTree = "<group>"; };
		2F0E2CC11C7BF071004FDA0F /* MBProgressHUD.bundle */ = {isa = PBXFileReference; lastKnownFileType = "wrapper.plug-in"; path = MBProgressHUD.bundle; sourceTree = "<group>"; };
		2F0E2CC21C7BF071004FDA0F /* MBProgressHUD.h */ = {isa = PBXFileReference; fileEncoding = 4; lastKnownFileType = sourcecode.c.h; path = MBProgressHUD.h; sourceTree = "<group>"; };
		2F0E2CC31C7BF071004FDA0F /* MBProgressHUD.m */ = {isa = PBXFileReference; fileEncoding = 4; lastKnownFileType = sourcecode.c.objc; path = MBProgressHUD.m; sourceTree = "<group>"; };
		2F2CCB791C7AE49000C45E3D /* SYMenuItem.h */ = {isa = PBXFileReference; fileEncoding = 4; lastKnownFileType = sourcecode.c.h; path = SYMenuItem.h; sourceTree = "<group>"; };
		2F2CCB7A1C7AE49000C45E3D /* SYMenuItem.m */ = {isa = PBXFileReference; fileEncoding = 4; lastKnownFileType = sourcecode.c.objc; path = SYMenuItem.m; sourceTree = "<group>"; };
		2F2CCB891C7AF1C100C45E3D /* SYHomeController.h */ = {isa = PBXFileReference; fileEncoding = 4; lastKnownFileType = sourcecode.c.h; path = SYHomeController.h; sourceTree = "<group>"; };
		2F2CCB8A1C7AF1C100C45E3D /* SYHomeController.m */ = {isa = PBXFileReference; fileEncoding = 4; lastKnownFileType = sourcecode.c.objc; path = SYHomeController.m; sourceTree = "<group>"; };
		2F2CCB8C1C7AF72200C45E3D /* zhihuDaily.pch */ = {isa = PBXFileReference; lastKnownFileType = sourcecode.c.h; path = zhihuDaily.pch; sourceTree = "<group>"; };
		2F2CCB941C7B016500C45E3D /* SYTableViewCell.h */ = {isa = PBXFileReference; fileEncoding = 4; lastKnownFileType = sourcecode.c.h; path = SYTableViewCell.h; sourceTree = "<group>"; };
		2F2CCB951C7B016500C45E3D /* SYTableViewCell.m */ = {isa = PBXFileReference; fileEncoding = 4; lastKnownFileType = sourcecode.c.objc; path = SYTableViewCell.m; sourceTree = "<group>"; };
		2F2CCB961C7B016500C45E3D /* SYTableViewCell.xib */ = {isa = PBXFileReference; fileEncoding = 4; lastKnownFileType = file.xib; path = SYTableViewCell.xib; sourceTree = "<group>"; };
		2F2CCB9C1C7B043000C45E3D /* SYLastestGroup.h */ = {isa = PBXFileReference; fileEncoding = 4; lastKnownFileType = sourcecode.c.h; path = SYLastestGroup.h; sourceTree = "<group>"; };
		2F2CCB9D1C7B043000C45E3D /* SYLastestGroup.m */ = {isa = PBXFileReference; fileEncoding = 4; lastKnownFileType = sourcecode.c.objc; path = SYLastestGroup.m; sourceTree = "<group>"; };
		2F2CCBA21C7B088E00C45E3D /* SYLastestParamResult.h */ = {isa = PBXFileReference; fileEncoding = 4; lastKnownFileType = sourcecode.c.h; path = SYLastestParamResult.h; sourceTree = "<group>"; };
		2F2CCBA31C7B088E00C45E3D /* SYLastestParamResult.m */ = {isa = PBXFileReference; fileEncoding = 4; lastKnownFileType = sourcecode.c.objc; path = SYLastestParamResult.m; sourceTree = "<group>"; };
		2F2CCBA51C7B08F600C45E3D /* SYStory.h */ = {isa = PBXFileReference; fileEncoding = 4; lastKnownFileType = sourcecode.c.h; path = SYStory.h; sourceTree = "<group>"; };
		2F2CCBA61C7B08F600C45E3D /* SYStory.m */ = {isa = PBXFileReference; fileEncoding = 4; lastKnownFileType = sourcecode.c.objc; path = SYStory.m; sourceTree = "<group>"; };
		2F2CCBA81C7B0B2100C45E3D /* example.json */ = {isa = PBXFileReference; fileEncoding = 4; lastKnownFileType = text.json; path = example.json; sourceTree = "<group>"; };
		2F2CCBAB1C7B0C1400C45E3D /* MJExtension.h */ = {isa = PBXFileReference; fileEncoding = 4; lastKnownFileType = sourcecode.c.h; path = MJExtension.h; sourceTree = "<group>"; };
		2F2CCBAC1C7B0C1400C45E3D /* MJExtensionConst.h */ = {isa = PBXFileReference; fileEncoding = 4; lastKnownFileType = sourcecode.c.h; path = MJExtensionConst.h; sourceTree = "<group>"; };
		2F2CCBAD1C7B0C1400C45E3D /* MJExtensionConst.m */ = {isa = PBXFileReference; fileEncoding = 4; lastKnownFileType = sourcecode.c.objc; path = MJExtensionConst.m; sourceTree = "<group>"; };
		2F2CCBAE1C7B0C1400C45E3D /* MJFoundation.h */ = {isa = PBXFileReference; fileEncoding = 4; lastKnownFileType = sourcecode.c.h; path = MJFoundation.h; sourceTree = "<group>"; };
		2F2CCBAF1C7B0C1400C45E3D /* MJFoundation.m */ = {isa = PBXFileReference; fileEncoding = 4; lastKnownFileType = sourcecode.c.objc; path = MJFoundation.m; sourceTree = "<group>"; };
		2F2CCBB01C7B0C1400C45E3D /* MJProperty.h */ = {isa = PBXFileReference; fileEncoding = 4; lastKnownFileType = sourcecode.c.h; path = MJProperty.h; sourceTree = "<group>"; };
		2F2CCBB11C7B0C1400C45E3D /* MJProperty.m */ = {isa = PBXFileReference; fileEncoding = 4; lastKnownFileType = sourcecode.c.objc; path = MJProperty.m; sourceTree = "<group>"; };
		2F2CCBB21C7B0C1400C45E3D /* MJPropertyKey.h */ = {isa = PBXFileReference; fileEncoding = 4; lastKnownFileType = sourcecode.c.h; path = MJPropertyKey.h; sourceTree = "<group>"; };
		2F2CCBB31C7B0C1400C45E3D /* MJPropertyKey.m */ = {isa = PBXFileReference; fileEncoding = 4; lastKnownFileType = sourcecode.c.objc; path = MJPropertyKey.m; sourceTree = "<group>"; };
		2F2CCBB41C7B0C1400C45E3D /* MJPropertyType.h */ = {isa = PBXFileReference; fileEncoding = 4; lastKnownFileType = sourcecode.c.h; path = MJPropertyType.h; sourceTree = "<group>"; };
		2F2CCBB51C7B0C1400C45E3D /* MJPropertyType.m */ = {isa = PBXFileReference; fileEncoding = 4; lastKnownFileType = sourcecode.c.objc; path = MJPropertyType.m; sourceTree = "<group>"; };
		2F2CCBB61C7B0C1400C45E3D /* NSObject+MJClass.h */ = {isa = PBXFileReference; fileEncoding = 4; lastKnownFileType = sourcecode.c.h; path = "NSObject+MJClass.h"; sourceTree = "<group>"; };
		2F2CCBB71C7B0C1400C45E3D /* NSObject+MJClass.m */ = {isa = PBXFileReference; fileEncoding = 4; lastKnownFileType = sourcecode.c.objc; path = "NSObject+MJClass.m"; sourceTree = "<group>"; };
		2F2CCBB81C7B0C1400C45E3D /* NSObject+MJCoding.h */ = {isa = PBXFileReference; fileEncoding = 4; lastKnownFileType = sourcecode.c.h; path = "NSObject+MJCoding.h"; sourceTree = "<group>"; };
		2F2CCBB91C7B0C1400C45E3D /* NSObject+MJCoding.m */ = {isa = PBXFileReference; fileEncoding = 4; lastKnownFileType = sourcecode.c.objc; path = "NSObject+MJCoding.m"; sourceTree = "<group>"; };
		2F2CCBBA1C7B0C1400C45E3D /* NSObject+MJKeyValue.h */ = {isa = PBXFileReference; fileEncoding = 4; lastKnownFileType = sourcecode.c.h; path = "NSObject+MJKeyValue.h"; sourceTree = "<group>"; };
		2F2CCBBB1C7B0C1400C45E3D /* NSObject+MJKeyValue.m */ = {isa = PBXFileReference; fileEncoding = 4; lastKnownFileType = sourcecode.c.objc; path = "NSObject+MJKeyValue.m"; sourceTree = "<group>"; };
		2F2CCBBC1C7B0C1400C45E3D /* NSObject+MJProperty.h */ = {isa = PBXFileReference; fileEncoding = 4; lastKnownFileType = sourcecode.c.h; path = "NSObject+MJProperty.h"; sourceTree = "<group>"; };
		2F2CCBBD1C7B0C1400C45E3D /* NSObject+MJProperty.m */ = {isa = PBXFileReference; fileEncoding = 4; lastKnownFileType = sourcecode.c.objc; path = "NSObject+MJProperty.m"; sourceTree = "<group>"; };
		2F2CCBBE1C7B0C1400C45E3D /* NSString+MJExtension.h */ = {isa = PBXFileReference; fileEncoding = 4; lastKnownFileType = sourcecode.c.h; path = "NSString+MJExtension.h"; sourceTree = "<group>"; };
		2F2CCBBF1C7B0C1400C45E3D /* NSString+MJExtension.m */ = {isa = PBXFileReference; fileEncoding = 4; lastKnownFileType = sourcecode.c.objc; path = "NSString+MJExtension.m"; sourceTree = "<group>"; };
		2F2CCBCA1C7B156500C45E3D /* ViewController.h */ = {isa = PBXFileReference; fileEncoding = 4; lastKnownFileType = sourcecode.c.h; path = ViewController.h; sourceTree = "<group>"; };
		2F2CCBCB1C7B156500C45E3D /* ViewController.m */ = {isa = PBXFileReference; fileEncoding = 4; lastKnownFileType = sourcecode.c.objc; path = ViewController.m; sourceTree = "<group>"; };
		2F2CCBCD1C7B26F100C45E3D /* SYSettingController.h */ = {isa = PBXFileReference; fileEncoding = 4; lastKnownFileType = sourcecode.c.h; path = SYSettingController.h; sourceTree = "<group>"; };
		2F2CCBCE1C7B26F100C45E3D /* SYSettingController.m */ = {isa = PBXFileReference; fileEncoding = 4; lastKnownFileType = sourcecode.c.objc; path = SYSettingController.m; sourceTree = "<group>"; };
		2F37AB5C1C7B34BA00D3CD65 /* SYChannelController.h */ = {isa = PBXFileReference; fileEncoding = 4; lastKnownFileType = sourcecode.c.h; path = SYChannelController.h; sourceTree = "<group>"; };
		2F37AB5D1C7B34BA00D3CD65 /* SYChannelController.m */ = {isa = PBXFileReference; fileEncoding = 4; lastKnownFileType = sourcecode.c.objc; path = SYChannelController.m; sourceTree = "<group>"; };
		2F37AB5F1C7B353300D3CD65 /* SYChannelViewCell.h */ = {isa = PBXFileReference; fileEncoding = 4; lastKnownFileType = sourcecode.c.h; path = SYChannelViewCell.h; sourceTree = "<group>"; };
		2F37AB601C7B353300D3CD65 /* SYChannelViewCell.m */ = {isa = PBXFileReference; fileEncoding = 4; lastKnownFileType = sourcecode.c.objc; path = SYChannelViewCell.m; sourceTree = "<group>"; };
		2F37AB621C7B4A0F00D3CD65 /* SYProfileController.h */ = {isa = PBXFileReference; fileEncoding = 4; lastKnownFileType = sourcecode.c.h; path = SYProfileController.h; sourceTree = "<group>"; };
		2F37AB631C7B4A0F00D3CD65 /* SYProfileController.m */ = {isa = PBXFileReference; fileEncoding = 4; lastKnownFileType = sourcecode.c.objc; path = SYProfileController.m; sourceTree = "<group>"; };
		2F37AB671C7B4EFF00D3CD65 /* SYDetailController.h */ = {isa = PBXFileReference; fileEncoding = 4; lastKnownFileType = sourcecode.c.h; path = SYDetailController.h; sourceTree = "<group>"; };
		2F37AB681C7B4EFF00D3CD65 /* SYDetailController.m */ = {isa = PBXFileReference; fileEncoding = 4; lastKnownFileType = sourcecode.c.objc; path = SYDetailController.m; sourceTree = "<group>"; };
		2F37AB6B1C7B63F000D3CD65 /* UINavigationController+FDFullscreenPopGesture.h */ = {isa = PBXFileReference; fileEncoding = 4; lastKnownFileType = sourcecode.c.h; path = "UINavigationController+FDFullscreenPopGesture.h"; sourceTree = "<group>"; };
		2F37AB6C1C7B63F000D3CD65 /* UINavigationController+FDFullscreenPopGesture.m */ = {isa = PBXFileReference; fileEncoding = 4; lastKnownFileType = sourcecode.c.objc; path = "UINavigationController+FDFullscreenPopGesture.m"; sourceTree = "<group>"; };
		2F37AB6F1C7B675100D3CD65 /* MMDrawerBarButtonItem.h */ = {isa = PBXFileReference; fileEncoding = 4; lastKnownFileType = sourcecode.c.h; path = MMDrawerBarButtonItem.h; sourceTree = "<group>"; };
		2F37AB701C7B675100D3CD65 /* MMDrawerBarButtonItem.m */ = {isa = PBXFileReference; fileEncoding = 4; lastKnownFileType = sourcecode.c.objc; path = MMDrawerBarButtonItem.m; sourceTree = "<group>"; };
		2F37AB711C7B675100D3CD65 /* MMDrawerController+Subclass.h */ = {isa = PBXFileReference; fileEncoding = 4; lastKnownFileType = sourcecode.c.h; path = "MMDrawerController+Subclass.h"; sourceTree = "<group>"; };
		2F37AB721C7B675100D3CD65 /* MMDrawerController.h */ = {isa = PBXFileReference; fileEncoding = 4; lastKnownFileType = sourcecode.c.h; path = MMDrawerController.h; sourceTree = "<group>"; };
		2F37AB731C7B675100D3CD65 /* MMDrawerController.m */ = {isa = PBXFileReference; fileEncoding = 4; lastKnownFileType = sourcecode.c.objc; path = MMDrawerController.m; sourceTree = "<group>"; };
		2F37AB741C7B675100D3CD65 /* MMDrawerVisualState.h */ = {isa = PBXFileReference; fileEncoding = 4; lastKnownFileType = sourcecode.c.h; path = MMDrawerVisualState.h; sourceTree = "<group>"; };
		2F37AB751C7B675100D3CD65 /* MMDrawerVisualState.m */ = {isa = PBXFileReference; fileEncoding = 4; lastKnownFileType = sourcecode.c.objc; path = MMDrawerVisualState.m; sourceTree = "<group>"; };
		2F37AB761C7B675100D3CD65 /* UIViewController+MMDrawerController.h */ = {isa = PBXFileReference; fileEncoding = 4; lastKnownFileType = sourcecode.c.h; path = "UIViewController+MMDrawerController.h"; sourceTree = "<group>"; };
		2F37AB771C7B675100D3CD65 /* UIViewController+MMDrawerController.m */ = {isa = PBXFileReference; fileEncoding = 4; lastKnownFileType = sourcecode.c.objc; path = "UIViewController+MMDrawerController.m"; sourceTree = "<group>"; };
		2F37AB7C1C7B6D5200D3CD65 /* UIView+Extension.h */ = {isa = PBXFileReference; fileEncoding = 4; lastKnownFileType = sourcecode.c.h; path = "UIView+Extension.h"; sourceTree = "<group>"; };
		2F37AB7D1C7B6D5200D3CD65 /* UIView+Extension.m */ = {isa = PBXFileReference; fileEncoding = 4; lastKnownFileType = sourcecode.c.objc; path = "UIView+Extension.m"; sourceTree = "<group>"; };
		2F37AB7F1C7B6E0300D3CD65 /* SYTopView.h */ = {isa = PBXFileReference; fileEncoding = 4; lastKnownFileType = sourcecode.c.h; path = SYTopView.h; sourceTree = "<group>"; };
		2F37AB801C7B6E0300D3CD65 /* SYTopView.m */ = {isa = PBXFileReference; fileEncoding = 4; lastKnownFileType = sourcecode.c.objc; path = SYTopView.m; sourceTree = "<group>"; };
		2F37AB821C7B6E0F00D3CD65 /* SYTopView.xib */ = {isa = PBXFileReference; fileEncoding = 4; lastKnownFileType = file.xib; path = SYTopView.xib; sourceTree = "<group>"; };
		2F37AB841C7B7D7C00D3CD65 /* SYWebViewController.h */ = {isa = PBXFileReference; fileEncoding = 4; lastKnownFileType = sourcecode.c.h; path = SYWebViewController.h; sourceTree = "<group>"; };
		2F37AB851C7B7D7C00D3CD65 /* SYWebViewController.m */ = {isa = PBXFileReference; fileEncoding = 4; lastKnownFileType = sourcecode.c.objc; path = SYWebViewController.m; sourceTree = "<group>"; };
		2F37AB871C7B7F0B00D3CD65 /* SYStoryNavigationView.h */ = {isa = PBXFileReference; fileEncoding = 4; lastKnownFileType = sourcecode.c.h; path = SYStoryNavigationView.h; sourceTree = "<group>"; };
		2F37AB881C7B7F0B00D3CD65 /* SYStoryNavigationView.m */ = {isa = PBXFileReference; fileEncoding = 4; lastKnownFileType = sourcecode.c.objc; path = SYStoryNavigationView.m; sourceTree = "<group>"; };
		2F37AB8A1C7B7F1600D3CD65 /* SYStoryNavigationView.xib */ = {isa = PBXFileReference; fileEncoding = 4; lastKnownFileType = file.xib; path = SYStoryNavigationView.xib; sourceTree = "<group>"; };
		2F9995D51C7C0F6B0072C8F0 /* SYWebNavigationView.xib */ = {isa = PBXFileReference; fileEncoding = 4; lastKnownFileType = file.xib; path = SYWebNavigationView.xib; sourceTree = "<group>"; };
		2FC587461C79FDEB003C9A7A /* zhihuDaily.app */ = {isa = PBXFileReference; explicitFileType = wrapper.application; includeInIndex = 0; path = zhihuDaily.app; sourceTree = BUILT_PRODUCTS_DIR; };
		2FC5874A1C79FDEB003C9A7A /* main.m */ = {isa = PBXFileReference; lastKnownFileType = sourcecode.c.objc; path = main.m; sourceTree = "<group>"; };
		2FC5874C1C79FDEB003C9A7A /* AppDelegate.h */ = {isa = PBXFileReference; lastKnownFileType = sourcecode.c.h; path = AppDelegate.h; sourceTree = "<group>"; };
		2FC5874D1C79FDEB003C9A7A /* AppDelegate.m */ = {isa = PBXFileReference; lastKnownFileType = sourcecode.c.objc; path = AppDelegate.m; sourceTree = "<group>"; };
		2FC587531C79FDEB003C9A7A /* Base */ = {isa = PBXFileReference; lastKnownFileType = file.storyboard; name = Base; path = Base.lproj/Main.storyboard; sourceTree = "<group>"; };
		2FC587551C79FDEB003C9A7A /* Assets.xcassets */ = {isa = PBXFileReference; lastKnownFileType = folder.assetcatalog; path = Assets.xcassets; sourceTree = "<group>"; };
		2FC587581C79FDEB003C9A7A /* Base */ = {isa = PBXFileReference; lastKnownFileType = file.storyboard; name = Base; path = Base.lproj/LaunchScreen.storyboard; sourceTree = "<group>"; };
		2FC5875A1C79FDEB003C9A7A /* Info.plist */ = {isa = PBXFileReference; lastKnownFileType = text.plist.xml; path = Info.plist; sourceTree = "<group>"; };
		2FC5875F1C79FDEB003C9A7A /* zhihuDailyTests.xctest */ = {isa = PBXFileReference; explicitFileType = wrapper.cfbundle; includeInIndex = 0; path = zhihuDailyTests.xctest; sourceTree = BUILT_PRODUCTS_DIR; };
		2FC587631C79FDEB003C9A7A /* zhihuDailyTests.m */ = {isa = PBXFileReference; lastKnownFileType = sourcecode.c.objc; path = zhihuDailyTests.m; sourceTree = "<group>"; };
		2FC587651C79FDEB003C9A7A /* Info.plist */ = {isa = PBXFileReference; lastKnownFileType = text.plist.xml; path = Info.plist; sourceTree = "<group>"; };
		2FC5876A1C79FDEB003C9A7A /* zhihuDailyUITests.xctest */ = {isa = PBXFileReference; explicitFileType = wrapper.cfbundle; includeInIndex = 0; path = zhihuDailyUITests.xctest; sourceTree = BUILT_PRODUCTS_DIR; };
		2FC5876E1C79FDEB003C9A7A /* zhihuDailyUITests.m */ = {isa = PBXFileReference; lastKnownFileType = sourcecode.c.objc; path = zhihuDailyUITests.m; sourceTree = "<group>"; };
		2FC587701C79FDEB003C9A7A /* Info.plist */ = {isa = PBXFileReference; lastKnownFileType = text.plist.xml; path = Info.plist; sourceTree = "<group>"; };
		2FC587811C79FECA003C9A7A /* SYMainToolBox.h */ = {isa = PBXFileReference; fileEncoding = 4; lastKnownFileType = sourcecode.c.h; path = SYMainToolBox.h; sourceTree = "<group>"; };
		2FC587821C79FECA003C9A7A /* SYMainToolBox.m */ = {isa = PBXFileReference; fileEncoding = 4; lastKnownFileType = sourcecode.c.objc; path = SYMainToolBox.m; sourceTree = "<group>"; };
		2FC587841C79FED8003C9A7A /* SYMainToolBox.xib */ = {isa = PBXFileReference; fileEncoding = 4; lastKnownFileType = file.xib; path = SYMainToolBox.xib; sourceTree = "<group>"; };
		2FC5878B1C7A0956003C9A7A /* AFHTTPRequestOperation.h */ = {isa = PBXFileReference; fileEncoding = 4; lastKnownFileType = sourcecode.c.h; path = AFHTTPRequestOperation.h; sourceTree = "<group>"; };
		2FC5878C1C7A0956003C9A7A /* AFHTTPRequestOperation.m */ = {isa = PBXFileReference; fileEncoding = 4; lastKnownFileType = sourcecode.c.objc; path = AFHTTPRequestOperation.m; sourceTree = "<group>"; };
		2FC5878D1C7A0956003C9A7A /* AFHTTPRequestOperationManager.h */ = {isa = PBXFileReference; fileEncoding = 4; lastKnownFileType = sourcecode.c.h; path = AFHTTPRequestOperationManager.h; sourceTree = "<group>"; };
		2FC5878E1C7A0956003C9A7A /* AFHTTPRequestOperationManager.m */ = {isa = PBXFileReference; fileEncoding = 4; lastKnownFileType = sourcecode.c.objc; path = AFHTTPRequestOperationManager.m; sourceTree = "<group>"; };
		2FC5878F1C7A0956003C9A7A /* AFHTTPSessionManager.h */ = {isa = PBXFileReference; fileEncoding = 4; lastKnownFileType = sourcecode.c.h; path = AFHTTPSessionManager.h; sourceTree = "<group>"; };
		2FC587901C7A0956003C9A7A /* AFHTTPSessionManager.m */ = {isa = PBXFileReference; fileEncoding = 4; lastKnownFileType = sourcecode.c.objc; path = AFHTTPSessionManager.m; sourceTree = "<group>"; };
		2FC587911C7A0956003C9A7A /* AFNetworking.h */ = {isa = PBXFileReference; fileEncoding = 4; lastKnownFileType = sourcecode.c.h; path = AFNetworking.h; sourceTree = "<group>"; };
		2FC587921C7A0956003C9A7A /* AFNetworkReachabilityManager.h */ = {isa = PBXFileReference; fileEncoding = 4; lastKnownFileType = sourcecode.c.h; path = AFNetworkReachabilityManager.h; sourceTree = "<group>"; };
		2FC587931C7A0956003C9A7A /* AFNetworkReachabilityManager.m */ = {isa = PBXFileReference; fileEncoding = 4; lastKnownFileType = sourcecode.c.objc; path = AFNetworkReachabilityManager.m; sourceTree = "<group>"; };
		2FC587941C7A0956003C9A7A /* AFSecurityPolicy.h */ = {isa = PBXFileReference; fileEncoding = 4; lastKnownFileType = sourcecode.c.h; path = AFSecurityPolicy.h; sourceTree = "<group>"; };
		2FC587951C7A0956003C9A7A /* AFSecurityPolicy.m */ = {isa = PBXFileReference; fileEncoding = 4; lastKnownFileType = sourcecode.c.objc; path = AFSecurityPolicy.m; sourceTree = "<group>"; };
		2FC587961C7A0956003C9A7A /* AFURLConnectionOperation.h */ = {isa = PBXFileReference; fileEncoding = 4; lastKnownFileType = sourcecode.c.h; path = AFURLConnectionOperation.h; sourceTree = "<group>"; };
		2FC587971C7A0956003C9A7A /* AFURLConnectionOperation.m */ = {isa = PBXFileReference; fileEncoding = 4; lastKnownFileType = sourcecode.c.objc; path = AFURLConnectionOperation.m; sourceTree = "<group>"; };
		2FC587981C7A0956003C9A7A /* AFURLRequestSerialization.h */ = {isa = PBXFileReference; fileEncoding = 4; lastKnownFileType = sourcecode.c.h; path = AFURLRequestSerialization.h; sourceTree = "<group>"; };
		2FC587991C7A0956003C9A7A /* AFURLRequestSerialization.m */ = {isa = PBXFileReference; fileEncoding = 4; lastKnownFileType = sourcecode.c.objc; path = AFURLRequestSerialization.m; sourceTree = "<group>"; };
		2FC5879A1C7A0956003C9A7A /* AFURLResponseSerialization.h */ = {isa = PBXFileReference; fileEncoding = 4; lastKnownFileType = sourcecode.c.h; path = AFURLResponseSerialization.h; sourceTree = "<group>"; };
		2FC5879B1C7A0956003C9A7A /* AFURLResponseSerialization.m */ = {isa = PBXFileReference; fileEncoding = 4; lastKnownFileType = sourcecode.c.objc; path = AFURLResponseSerialization.m; sourceTree = "<group>"; };
		2FC5879C1C7A0956003C9A7A /* AFURLSessionManager.h */ = {isa = PBXFileReference; fileEncoding = 4; lastKnownFileType = sourcecode.c.h; path = AFURLSessionManager.h; sourceTree = "<group>"; };
		2FC5879D1C7A0956003C9A7A /* AFURLSessionManager.m */ = {isa = PBXFileReference; fileEncoding = 4; lastKnownFileType = sourcecode.c.objc; path = AFURLSessionManager.m; sourceTree = "<group>"; };
		2FC587AF1C7A096A003C9A7A /* MKAnnotationView+WebCache.h */ = {isa = PBXFileReference; fileEncoding = 4; lastKnownFileType = sourcecode.c.h; path = "MKAnnotationView+WebCache.h"; sourceTree = "<group>"; };
		2FC587B01C7A096A003C9A7A /* MKAnnotationView+WebCache.m */ = {isa = PBXFileReference; fileEncoding = 4; lastKnownFileType = sourcecode.c.objc; path = "MKAnnotationView+WebCache.m"; sourceTree = "<group>"; };
		2FC587B11C7A096A003C9A7A /* NSData+ImageContentType.h */ = {isa = PBXFileReference; fileEncoding = 4; lastKnownFileType = sourcecode.c.h; path = "NSData+ImageContentType.h"; sourceTree = "<group>"; };
		2FC587B21C7A096A003C9A7A /* NSData+ImageContentType.m */ = {isa = PBXFileReference; fileEncoding = 4; lastKnownFileType = sourcecode.c.objc; path = "NSData+ImageContentType.m"; sourceTree = "<group>"; };
		2FC587B31C7A096A003C9A7A /* SDImageCache.h */ = {isa = PBXFileReference; fileEncoding = 4; lastKnownFileType = sourcecode.c.h; path = SDImageCache.h; sourceTree = "<group>"; };
		2FC587B41C7A096A003C9A7A /* SDImageCache.m */ = {isa = PBXFileReference; fileEncoding = 4; lastKnownFileType = sourcecode.c.objc; path = SDImageCache.m; sourceTree = "<group>"; };
		2FC587B51C7A096A003C9A7A /* SDWebImageCompat.h */ = {isa = PBXFileReference; fileEncoding = 4; lastKnownFileType = sourcecode.c.h; path = SDWebImageCompat.h; sourceTree = "<group>"; };
		2FC587B61C7A096A003C9A7A /* SDWebImageCompat.m */ = {isa = PBXFileReference; fileEncoding = 4; lastKnownFileType = sourcecode.c.objc; path = SDWebImageCompat.m; sourceTree = "<group>"; };
		2FC587B71C7A096A003C9A7A /* SDWebImageDecoder.h */ = {isa = PBXFileReference; fileEncoding = 4; lastKnownFileType = sourcecode.c.h; path = SDWebImageDecoder.h; sourceTree = "<group>"; };
		2FC587B81C7A096A003C9A7A /* SDWebImageDecoder.m */ = {isa = PBXFileReference; fileEncoding = 4; lastKnownFileType = sourcecode.c.objc; path = SDWebImageDecoder.m; sourceTree = "<group>"; };
		2FC587B91C7A096A003C9A7A /* SDWebImageDownloader.h */ = {isa = PBXFileReference; fileEncoding = 4; lastKnownFileType = sourcecode.c.h; path = SDWebImageDownloader.h; sourceTree = "<group>"; };
		2FC587BA1C7A096A003C9A7A /* SDWebImageDownloader.m */ = {isa = PBXFileReference; fileEncoding = 4; lastKnownFileType = sourcecode.c.objc; path = SDWebImageDownloader.m; sourceTree = "<group>"; };
		2FC587BB1C7A096A003C9A7A /* SDWebImageDownloaderOperation.h */ = {isa = PBXFileReference; fileEncoding = 4; lastKnownFileType = sourcecode.c.h; path = SDWebImageDownloaderOperation.h; sourceTree = "<group>"; };
		2FC587BC1C7A096A003C9A7A /* SDWebImageDownloaderOperation.m */ = {isa = PBXFileReference; fileEncoding = 4; lastKnownFileType = sourcecode.c.objc; path = SDWebImageDownloaderOperation.m; sourceTree = "<group>"; };
		2FC587BD1C7A096A003C9A7A /* SDWebImageManager.h */ = {isa = PBXFileReference; fileEncoding = 4; lastKnownFileType = sourcecode.c.h; path = SDWebImageManager.h; sourceTree = "<group>"; };
		2FC587BE1C7A096A003C9A7A /* SDWebImageManager.m */ = {isa = PBXFileReference; fileEncoding = 4; lastKnownFileType = sourcecode.c.objc; path = SDWebImageManager.m; sourceTree = "<group>"; };
		2FC587BF1C7A096A003C9A7A /* SDWebImageOperation.h */ = {isa = PBXFileReference; fileEncoding = 4; lastKnownFileType = sourcecode.c.h; path = SDWebImageOperation.h; sourceTree = "<group>"; };
		2FC587C01C7A096A003C9A7A /* SDWebImagePrefetcher.h */ = {isa = PBXFileReference; fileEncoding = 4; lastKnownFileType = sourcecode.c.h; path = SDWebImagePrefetcher.h; sourceTree = "<group>"; };
		2FC587C11C7A096A003C9A7A /* SDWebImagePrefetcher.m */ = {isa = PBXFileReference; fileEncoding = 4; lastKnownFileType = sourcecode.c.objc; path = SDWebImagePrefetcher.m; sourceTree = "<group>"; };
		2FC587C21C7A096A003C9A7A /* UIButton+WebCache.h */ = {isa = PBXFileReference; fileEncoding = 4; lastKnownFileType = sourcecode.c.h; path = "UIButton+WebCache.h"; sourceTree = "<group>"; };
		2FC587C31C7A096A003C9A7A /* UIButton+WebCache.m */ = {isa = PBXFileReference; fileEncoding = 4; lastKnownFileType = sourcecode.c.objc; path = "UIButton+WebCache.m"; sourceTree = "<group>"; };
		2FC587C41C7A096A003C9A7A /* UIImage+GIF.h */ = {isa = PBXFileReference; fileEncoding = 4; lastKnownFileType = sourcecode.c.h; path = "UIImage+GIF.h"; sourceTree = "<group>"; };
		2FC587C51C7A096A003C9A7A /* UIImage+GIF.m */ = {isa = PBXFileReference; fileEncoding = 4; lastKnownFileType = sourcecode.c.objc; path = "UIImage+GIF.m"; sourceTree = "<group>"; };
		2FC587C61C7A096A003C9A7A /* UIImage+MultiFormat.h */ = {isa = PBXFileReference; fileEncoding = 4; lastKnownFileType = sourcecode.c.h; path = "UIImage+MultiFormat.h"; sourceTree = "<group>"; };
		2FC587C71C7A096A003C9A7A /* UIImage+MultiFormat.m */ = {isa = PBXFileReference; fileEncoding = 4; lastKnownFileType = sourcecode.c.objc; path = "UIImage+MultiFormat.m"; sourceTree = "<group>"; };
		2FC587C81C7A096A003C9A7A /* UIImage+WebP.h */ = {isa = PBXFileReference; fileEncoding = 4; lastKnownFileType = sourcecode.c.h; path = "UIImage+WebP.h"; sourceTree = "<group>"; };
		2FC587C91C7A096A003C9A7A /* UIImage+WebP.m */ = {isa = PBXFileReference; fileEncoding = 4; lastKnownFileType = sourcecode.c.objc; path = "UIImage+WebP.m"; sourceTree = "<group>"; };
		2FC587CA1C7A096A003C9A7A /* UIImageView+HighlightedWebCache.h */ = {isa = PBXFileReference; fileEncoding = 4; lastKnownFileType = sourcecode.c.h; path = "UIImageView+HighlightedWebCache.h"; sourceTree = "<group>"; };
		2FC587CB1C7A096A003C9A7A /* UIImageView+HighlightedWebCache.m */ = {isa = PBXFileReference; fileEncoding = 4; lastKnownFileType = sourcecode.c.objc; path = "UIImageView+HighlightedWebCache.m"; sourceTree = "<group>"; };
		2FC587CC1C7A096A003C9A7A /* UIImageView+WebCache.h */ = {isa = PBXFileReference; fileEncoding = 4; lastKnownFileType = sourcecode.c.h; path = "UIImageView+WebCache.h"; sourceTree = "<group>"; };
		2FC587CD1C7A096A003C9A7A /* UIImageView+WebCache.m */ = {isa = PBXFileReference; fileEncoding = 4; lastKnownFileType = sourcecode.c.objc; path = "UIImageView+WebCache.m"; sourceTree = "<group>"; };
		2FC587CE1C7A096A003C9A7A /* UIView+WebCacheOperation.h */ = {isa = PBXFileReference; fileEncoding = 4; lastKnownFileType = sourcecode.c.h; path = "UIView+WebCacheOperation.h"; sourceTree = "<group>"; };
		2FC587CF1C7A096A003C9A7A /* UIView+WebCacheOperation.m */ = {isa = PBXFileReference; fileEncoding = 4; lastKnownFileType = sourcecode.c.objc; path = "UIView+WebCacheOperation.m"; sourceTree = "<group>"; };
		2FC587E11C7A0974003C9A7A /* MASCompositeConstraint.h */ = {isa = PBXFileReference; fileEncoding = 4; lastKnownFileType = sourcecode.c.h; path = MASCompositeConstraint.h; sourceTree = "<group>"; };
		2FC587E21C7A0974003C9A7A /* MASCompositeConstraint.m */ = {isa = PBXFileReference; fileEncoding = 4; lastKnownFileType = sourcecode.c.objc; path = MASCompositeConstraint.m; sourceTree = "<group>"; };
		2FC587E31C7A0974003C9A7A /* MASConstraint+Private.h */ = {isa = PBXFileReference; fileEncoding = 4; lastKnownFileType = sourcecode.c.h; path = "MASConstraint+Private.h"; sourceTree = "<group>"; };
		2FC587E41C7A0974003C9A7A /* MASConstraint.h */ = {isa = PBXFileReference; fileEncoding = 4; lastKnownFileType = sourcecode.c.h; path = MASConstraint.h; sourceTree = "<group>"; };
		2FC587E51C7A0974003C9A7A /* MASConstraint.m */ = {isa = PBXFileReference; fileEncoding = 4; lastKnownFileType = sourcecode.c.objc; path = MASConstraint.m; sourceTree = "<group>"; };
		2FC587E61C7A0974003C9A7A /* MASConstraintMaker.h */ = {isa = PBXFileReference; fileEncoding = 4; lastKnownFileType = sourcecode.c.h; path = MASConstraintMaker.h; sourceTree = "<group>"; };
		2FC587E71C7A0974003C9A7A /* MASConstraintMaker.m */ = {isa = PBXFileReference; fileEncoding = 4; lastKnownFileType = sourcecode.c.objc; path = MASConstraintMaker.m; sourceTree = "<group>"; };
		2FC587E81C7A0974003C9A7A /* MASLayoutConstraint.h */ = {isa = PBXFileReference; fileEncoding = 4; lastKnownFileType = sourcecode.c.h; path = MASLayoutConstraint.h; sourceTree = "<group>"; };
		2FC587E91C7A0974003C9A7A /* MASLayoutConstraint.m */ = {isa = PBXFileReference; fileEncoding = 4; lastKnownFileType = sourcecode.c.objc; path = MASLayoutConstraint.m; sourceTree = "<group>"; };
		2FC587EA1C7A0974003C9A7A /* Masonry.h */ = {isa = PBXFileReference; fileEncoding = 4; lastKnownFileType = sourcecode.c.h; path = Masonry.h; sourceTree = "<group>"; };
		2FC587EB1C7A0974003C9A7A /* MASUtilities.h */ = {isa = PBXFileReference; fileEncoding = 4; lastKnownFileType = sourcecode.c.h; path = MASUtilities.h; sourceTree = "<group>"; };
		2FC587EC1C7A0974003C9A7A /* MASViewAttribute.h */ = {isa = PBXFileReference; fileEncoding = 4; lastKnownFileType = sourcecode.c.h; path = MASViewAttribute.h; sourceTree = "<group>"; };
		2FC587ED1C7A0974003C9A7A /* MASViewAttribute.m */ = {isa = PBXFileReference; fileEncoding = 4; lastKnownFileType = sourcecode.c.objc; path = MASViewAttribute.m; sourceTree = "<group>"; };
		2FC587EE1C7A0974003C9A7A /* MASViewConstraint.h */ = {isa = PBXFileReference; fileEncoding = 4; lastKnownFileType = sourcecode.c.h; path = MASViewConstraint.h; sourceTree = "<group>"; };
		2FC587EF1C7A0974003C9A7A /* MASViewConstraint.m */ = {isa = PBXFileReference; fileEncoding = 4; lastKnownFileType = sourcecode.c.objc; path = MASViewConstraint.m; sourceTree = "<group>"; };
		2FC587F01C7A0974003C9A7A /* NSArray+MASAdditions.h */ = {isa = PBXFileReference; fileEncoding = 4; lastKnownFileType = sourcecode.c.h; path = "NSArray+MASAdditions.h"; sourceTree = "<group>"; };
		2FC587F11C7A0974003C9A7A /* NSArray+MASAdditions.m */ = {isa = PBXFileReference; fileEncoding = 4; lastKnownFileType = sourcecode.c.objc; path = "NSArray+MASAdditions.m"; sourceTree = "<group>"; };
		2FC587F21C7A0974003C9A7A /* NSArray+MASShorthandAdditions.h */ = {isa = PBXFileReference; fileEncoding = 4; lastKnownFileType = sourcecode.c.h; path = "NSArray+MASShorthandAdditions.h"; sourceTree = "<group>"; };
		2FC587F31C7A0974003C9A7A /* NSLayoutConstraint+MASDebugAdditions.h */ = {isa = PBXFileReference; fileEncoding = 4; lastKnownFileType = sourcecode.c.h; path = "NSLayoutConstraint+MASDebugAdditions.h"; sourceTree = "<group>"; };
		2FC587F41C7A0974003C9A7A /* NSLayoutConstraint+MASDebugAdditions.m */ = {isa = PBXFileReference; fileEncoding = 4; lastKnownFileType = sourcecode.c.objc; path = "NSLayoutConstraint+MASDebugAdditions.m"; sourceTree = "<group>"; };
		2FC587F51C7A0974003C9A7A /* View+MASAdditions.h */ = {isa = PBXFileReference; fileEncoding = 4; lastKnownFileType = sourcecode.c.h; path = "View+MASAdditions.h"; sourceTree = "<group>"; };
		2FC587F61C7A0974003C9A7A /* View+MASAdditions.m */ = {isa = PBXFileReference; fileEncoding = 4; lastKnownFileType = sourcecode.c.objc; path = "View+MASAdditions.m"; sourceTree = "<group>"; };
		2FC587F71C7A0974003C9A7A /* View+MASShorthandAdditions.h */ = {isa = PBXFileReference; fileEncoding = 4; lastKnownFileType = sourcecode.c.h; path = "View+MASShorthandAdditions.h"; sourceTree = "<group>"; };
		2FC587F81C7A0974003C9A7A /* ViewController+MASAdditions.h */ = {isa = PBXFileReference; fileEncoding = 4; lastKnownFileType = sourcecode.c.h; path = "ViewController+MASAdditions.h"; sourceTree = "<group>"; };
		2FC587F91C7A0974003C9A7A /* ViewController+MASAdditions.m */ = {isa = PBXFileReference; fileEncoding = 4; lastKnownFileType = sourcecode.c.objc; path = "ViewController+MASAdditions.m"; sourceTree = "<group>"; };
		2FC588051C7A0B50003C9A7A /* YSHttpTool.h */ = {isa = PBXFileReference; fileEncoding = 4; lastKnownFileType = sourcecode.c.h; path = YSHttpTool.h; sourceTree = "<group>"; };
		2FC588061C7A0B50003C9A7A /* YSHttpTool.m */ = {isa = PBXFileReference; fileEncoding = 4; lastKnownFileType = sourcecode.c.objc; path = YSHttpTool.m; sourceTree = "<group>"; };
		2FD803B51C7A3B5500C15EB7 /* SYToolButton.h */ = {isa = PBXFileReference; fileEncoding = 4; lastKnownFileType = sourcecode.c.h; path = SYToolButton.h; sourceTree = "<group>"; };
		2FD803B61C7A3B5500C15EB7 /* SYToolButton.m */ = {isa = PBXFileReference; fileEncoding = 4; lastKnownFileType = sourcecode.c.objc; path = SYToolButton.m; sourceTree = "<group>"; };
/* End PBXFileReference section */

/* Begin PBXFrameworksBuildPhase section */
		2FC587431C79FDEB003C9A7A /* Frameworks */ = {
			isa = PBXFrameworksBuildPhase;
			buildActionMask = 2147483647;
			files = (
			);
			runOnlyForDeploymentPostprocessing = 0;
		};
		2FC5875C1C79FDEB003C9A7A /* Frameworks */ = {
			isa = PBXFrameworksBuildPhase;
			buildActionMask = 2147483647;
			files = (
			);
			runOnlyForDeploymentPostprocessing = 0;
		};
		2FC587671C79FDEB003C9A7A /* Frameworks */ = {
			isa = PBXFrameworksBuildPhase;
			buildActionMask = 2147483647;
			files = (
			);
			runOnlyForDeploymentPostprocessing = 0;
		};
/* End PBXFrameworksBuildPhase section */

/* Begin PBXGroup section */
		2F0E2CB11C7BDBED004FDA0F /* Tool */ = {
			isa = PBXGroup;
			children = (
				2F0E2CB21C7BDC03004FDA0F /* SYStoryTool.h */,
				2F0E2CB31C7BDC03004FDA0F /* SYStoryTool.m */,
			);
			path = Tool;
			sourceTree = "<group>";
		};
		2F0E2CBE1C7BF071004FDA0F /* MBProgressHUD */ = {
			isa = PBXGroup;
			children = (
				2F0E2CBF1C7BF071004FDA0F /* MBProgressHUD+YS.h */,
				2F0E2CC01C7BF071004FDA0F /* MBProgressHUD+YS.m */,
				2F0E2CC11C7BF071004FDA0F /* MBProgressHUD.bundle */,
				2F0E2CC21C7BF071004FDA0F /* MBProgressHUD.h */,
				2F0E2CC31C7BF071004FDA0F /* MBProgressHUD.m */,
			);
			path = MBProgressHUD;
			sourceTree = "<group>";
		};
		2F2CCB7C1C7AE5AC00C45E3D /* Sources */ = {
			isa = PBXGroup;
			children = (
			);
			path = Sources;
			sourceTree = "<group>";
		};
		2F2CCB811C7AF09800C45E3D /* Setting */ = {
			isa = PBXGroup;
			children = (
				2F2CCB821C7AF09800C45E3D /* Controller */,
				2F2CCB831C7AF09800C45E3D /* Model */,
				2F2CCB841C7AF09800C45E3D /* View */,
			);
			path = Setting;
			sourceTree = "<group>";
		};
		2F2CCB821C7AF09800C45E3D /* Controller */ = {
			isa = PBXGroup;
			children = (
				2F2CCBCD1C7B26F100C45E3D /* SYSettingController.h */,
				2F2CCBCE1C7B26F100C45E3D /* SYSettingController.m */,
				2F37AB621C7B4A0F00D3CD65 /* SYProfileController.h */,
				2F37AB631C7B4A0F00D3CD65 /* SYProfileController.m */,
			);
			path = Controller;
			sourceTree = "<group>";
		};
		2F2CCB831C7AF09800C45E3D /* Model */ = {
			isa = PBXGroup;
			children = (
			);
			path = Model;
			sourceTree = "<group>";
		};
		2F2CCB841C7AF09800C45E3D /* View */ = {
			isa = PBXGroup;
			children = (
			);
			path = View;
			sourceTree = "<group>";
		};
		2F2CCB851C7AF19F00C45E3D /* Home */ = {
			isa = PBXGroup;
			children = (
				2F0E2CB11C7BDBED004FDA0F /* Tool */,
				2F2CCBA81C7B0B2100C45E3D /* example.json */,
				2F2CCB861C7AF19F00C45E3D /* Controller */,
				2F2CCB871C7AF19F00C45E3D /* Model */,
				2F2CCB881C7AF19F00C45E3D /* View */,
			);
			path = Home;
			sourceTree = "<group>";
		};
		2F2CCB861C7AF19F00C45E3D /* Controller */ = {
			isa = PBXGroup;
			children = (
				2F2CCB891C7AF1C100C45E3D /* SYHomeController.h */,
				2F2CCB8A1C7AF1C100C45E3D /* SYHomeController.m */,
				2F37AB671C7B4EFF00D3CD65 /* SYDetailController.h */,
				2F37AB681C7B4EFF00D3CD65 /* SYDetailController.m */,
				2F37AB841C7B7D7C00D3CD65 /* SYWebViewController.h */,
				2F37AB851C7B7D7C00D3CD65 /* SYWebViewController.m */,
			);
			path = Controller;
			sourceTree = "<group>";
		};
		2F2CCB871C7AF19F00C45E3D /* Model */ = {
			isa = PBXGroup;
			children = (
				2F2CCBA51C7B08F600C45E3D /* SYStory.h */,
				2F2CCBA61C7B08F600C45E3D /* SYStory.m */,
				2F2CCB9C1C7B043000C45E3D /* SYLastestGroup.h */,
				2F2CCB9D1C7B043000C45E3D /* SYLastestGroup.m */,
				2F2CCBA21C7B088E00C45E3D /* SYLastestParamResult.h */,
				2F2CCBA31C7B088E00C45E3D /* SYLastestParamResult.m */,
				2F0E2CB51C7BDD2B004FDA0F /* SYDetailStory.h */,
				2F0E2CB61C7BDD2B004FDA0F /* SYDetailStory.m */,
				2F0E2CB81C7BE1A0004FDA0F /* SYExtraStory.h */,
				2F0E2CB91C7BE1A0004FDA0F /* SYExtraStory.m */,
			);
			path = Model;
			sourceTree = "<group>";
		};
		2F2CCB881C7AF19F00C45E3D /* View */ = {
			isa = PBXGroup;
			children = (
				2F2CCB941C7B016500C45E3D /* SYTableViewCell.h */,
				2F2CCB951C7B016500C45E3D /* SYTableViewCell.m */,
				2F2CCB961C7B016500C45E3D /* SYTableViewCell.xib */,
				2F37AB7F1C7B6E0300D3CD65 /* SYTopView.h */,
				2F37AB801C7B6E0300D3CD65 /* SYTopView.m */,
				2F37AB821C7B6E0F00D3CD65 /* SYTopView.xib */,
				2F37AB871C7B7F0B00D3CD65 /* SYStoryNavigationView.h */,
				2F37AB881C7B7F0B00D3CD65 /* SYStoryNavigationView.m */,
				2F37AB8A1C7B7F1600D3CD65 /* SYStoryNavigationView.xib */,
				2F0E2CBB1C7BE7F7004FDA0F /* SYImageView.h */,
				2F0E2CBC1C7BE7F7004FDA0F /* SYImageView.m */,
				2F9995D51C7C0F6B0072C8F0 /* SYWebNavigationView.xib */,
			);
			path = View;
			sourceTree = "<group>";
		};
		2F2CCB8D1C7B00CE00C45E3D /* Channel */ = {
			isa = PBXGroup;
			children = (
				2F2CCB8E1C7B00CE00C45E3D /* Controller */,
				2F2CCB8F1C7B00CE00C45E3D /* Model */,
				2F2CCB901C7B00CE00C45E3D /* View */,
			);
			path = Channel;
			sourceTree = "<group>";
		};
		2F2CCB8E1C7B00CE00C45E3D /* Controller */ = {
			isa = PBXGroup;
			children = (
				2F37AB5C1C7B34BA00D3CD65 /* SYChannelController.h */,
				2F37AB5D1C7B34BA00D3CD65 /* SYChannelController.m */,
			);
			path = Controller;
			sourceTree = "<group>";
		};
		2F2CCB8F1C7B00CE00C45E3D /* Model */ = {
			isa = PBXGroup;
			children = (
			);
			path = Model;
			sourceTree = "<group>";
		};
		2F2CCB901C7B00CE00C45E3D /* View */ = {
			isa = PBXGroup;
			children = (
				2F37AB5F1C7B353300D3CD65 /* SYChannelViewCell.h */,
				2F37AB601C7B353300D3CD65 /* SYChannelViewCell.m */,
			);
			path = View;
			sourceTree = "<group>";
		};
		2F2CCBAA1C7B0C1400C45E3D /* MJExtension */ = {
			isa = PBXGroup;
			children = (
				2F2CCBAB1C7B0C1400C45E3D /* MJExtension.h */,
				2F2CCBAC1C7B0C1400C45E3D /* MJExtensionConst.h */,
				2F2CCBAD1C7B0C1400C45E3D /* MJExtensionConst.m */,
				2F2CCBAE1C7B0C1400C45E3D /* MJFoundation.h */,
				2F2CCBAF1C7B0C1400C45E3D /* MJFoundation.m */,
				2F2CCBB01C7B0C1400C45E3D /* MJProperty.h */,
				2F2CCBB11C7B0C1400C45E3D /* MJProperty.m */,
				2F2CCBB21C7B0C1400C45E3D /* MJPropertyKey.h */,
				2F2CCBB31C7B0C1400C45E3D /* MJPropertyKey.m */,
				2F2CCBB41C7B0C1400C45E3D /* MJPropertyType.h */,
				2F2CCBB51C7B0C1400C45E3D /* MJPropertyType.m */,
				2F2CCBB61C7B0C1400C45E3D /* NSObject+MJClass.h */,
				2F2CCBB71C7B0C1400C45E3D /* NSObject+MJClass.m */,
				2F2CCBB81C7B0C1400C45E3D /* NSObject+MJCoding.h */,
				2F2CCBB91C7B0C1400C45E3D /* NSObject+MJCoding.m */,
				2F2CCBBA1C7B0C1400C45E3D /* NSObject+MJKeyValue.h */,
				2F2CCBBB1C7B0C1400C45E3D /* NSObject+MJKeyValue.m */,
				2F2CCBBC1C7B0C1400C45E3D /* NSObject+MJProperty.h */,
				2F2CCBBD1C7B0C1400C45E3D /* NSObject+MJProperty.m */,
				2F2CCBBE1C7B0C1400C45E3D /* NSString+MJExtension.h */,
				2F2CCBBF1C7B0C1400C45E3D /* NSString+MJExtension.m */,
			);
			path = MJExtension;
			sourceTree = "<group>";
		};
		2F37AB6A1C7B63E600D3CD65 /* Catagories */ = {
			isa = PBXGroup;
			children = (
				2F37AB7C1C7B6D5200D3CD65 /* UIView+Extension.h */,
				2F37AB7D1C7B6D5200D3CD65 /* UIView+Extension.m */,
				2F37AB6B1C7B63F000D3CD65 /* UINavigationController+FDFullscreenPopGesture.h */,
				2F37AB6C1C7B63F000D3CD65 /* UINavigationController+FDFullscreenPopGesture.m */,
			);
			path = Catagories;
			sourceTree = "<group>";
		};
		2F37AB6E1C7B675100D3CD65 /* MMDrawerController */ = {
			isa = PBXGroup;
			children = (
				2F37AB6F1C7B675100D3CD65 /* MMDrawerBarButtonItem.h */,
				2F37AB701C7B675100D3CD65 /* MMDrawerBarButtonItem.m */,
				2F37AB711C7B675100D3CD65 /* MMDrawerController+Subclass.h */,
				2F37AB721C7B675100D3CD65 /* MMDrawerController.h */,
				2F37AB731C7B675100D3CD65 /* MMDrawerController.m */,
				2F37AB741C7B675100D3CD65 /* MMDrawerVisualState.h */,
				2F37AB751C7B675100D3CD65 /* MMDrawerVisualState.m */,
				2F37AB761C7B675100D3CD65 /* UIViewController+MMDrawerController.h */,
				2F37AB771C7B675100D3CD65 /* UIViewController+MMDrawerController.m */,
			);
			path = MMDrawerController;
			sourceTree = "<group>";
		};
		2FC5873D1C79FDEB003C9A7A = {
			isa = PBXGroup;
			children = (
				2FC587481C79FDEB003C9A7A /* zhihuDaily */,
				2FC587621C79FDEB003C9A7A /* zhihuDailyTests */,
				2FC5876D1C79FDEB003C9A7A /* zhihuDailyUITests */,
				2FC587471C79FDEB003C9A7A /* Products */,
			);
			sourceTree = "<group>";
		};
		2FC587471C79FDEB003C9A7A /* Products */ = {
			isa = PBXGroup;
			children = (
				2FC587461C79FDEB003C9A7A /* zhihuDaily.app */,
				2FC5875F1C79FDEB003C9A7A /* zhihuDailyTests.xctest */,
				2FC5876A1C79FDEB003C9A7A /* zhihuDailyUITests.xctest */,
			);
			name = Products;
			sourceTree = "<group>";
		};
		2FC587481C79FDEB003C9A7A /* zhihuDaily */ = {
			isa = PBXGroup;
			children = (
				2F2CCB7C1C7AE5AC00C45E3D /* Sources */,
				2FC587891C7A0937003C9A7A /* Libs */,
				2FC5877C1C79FE74003C9A7A /* Classes */,
				2FC5874C1C79FDEB003C9A7A /* AppDelegate.h */,
				2FC5874D1C79FDEB003C9A7A /* AppDelegate.m */,
				2FC587521C79FDEB003C9A7A /* Main.storyboard */,
				2FC587551C79FDEB003C9A7A /* Assets.xcassets */,
				2FC587571C79FDEB003C9A7A /* LaunchScreen.storyboard */,
				2FC5875A1C79FDEB003C9A7A /* Info.plist */,
				2FC587491C79FDEB003C9A7A /* Supporting Files */,
				2F2CCB8C1C7AF72200C45E3D /* zhihuDaily.pch */,
			);
			path = zhihuDaily;
			sourceTree = "<group>";
		};
		2FC587491C79FDEB003C9A7A /* Supporting Files */ = {
			isa = PBXGroup;
			children = (
				2FC5874A1C79FDEB003C9A7A /* main.m */,
			);
			name = "Supporting Files";
			sourceTree = "<group>";
		};
		2FC587621C79FDEB003C9A7A /* zhihuDailyTests */ = {
			isa = PBXGroup;
			children = (
				2FC587631C79FDEB003C9A7A /* zhihuDailyTests.m */,
				2FC587651C79FDEB003C9A7A /* Info.plist */,
			);
			path = zhihuDailyTests;
			sourceTree = "<group>";
		};
		2FC5876D1C79FDEB003C9A7A /* zhihuDailyUITests */ = {
			isa = PBXGroup;
			children = (
				2FC5876E1C79FDEB003C9A7A /* zhihuDailyUITests.m */,
				2FC587701C79FDEB003C9A7A /* Info.plist */,
			);
			path = zhihuDailyUITests;
			sourceTree = "<group>";
		};
		2FC5877C1C79FE74003C9A7A /* Classes */ = {
			isa = PBXGroup;
			children = (
				2F2CCB8D1C7B00CE00C45E3D /* Channel */,
				2F2CCB851C7AF19F00C45E3D /* Home */,
				2F2CCB811C7AF09800C45E3D /* Setting */,
				2FC588041C7A0B45003C9A7A /* Tool */,
				2FC5877D1C79FE74003C9A7A /* Main */,
			);
			path = Classes;
			sourceTree = "<group>";
		};
		2FC5877D1C79FE74003C9A7A /* Main */ = {
			isa = PBXGroup;
			children = (
				2FC5877E1C79FE74003C9A7A /* Controller */,
				2FC5877F1C79FE74003C9A7A /* Model */,
				2FC587801C79FE74003C9A7A /* View */,
			);
			path = Main;
			sourceTree = "<group>";
		};
		2FC5877E1C79FE74003C9A7A /* Controller */ = {
			isa = PBXGroup;
			children = (
				2F2CCBCA1C7B156500C45E3D /* ViewController.h */,
				2F2CCBCB1C7B156500C45E3D /* ViewController.m */,
			);
			path = Controller;
			sourceTree = "<group>";
		};
		2FC5877F1C79FE74003C9A7A /* Model */ = {
			isa = PBXGroup;
			children = (
				2F2CCB791C7AE49000C45E3D /* SYMenuItem.h */,
				2F2CCB7A1C7AE49000C45E3D /* SYMenuItem.m */,
			);
			path = Model;
			sourceTree = "<group>";
		};
		2FC587801C79FE74003C9A7A /* View */ = {
			isa = PBXGroup;
			children = (
				2FC587811C79FECA003C9A7A /* SYMainToolBox.h */,
				2FC587821C79FECA003C9A7A /* SYMainToolBox.m */,
				2FC587841C79FED8003C9A7A /* SYMainToolBox.xib */,
				2FD803B51C7A3B5500C15EB7 /* SYToolButton.h */,
				2FD803B61C7A3B5500C15EB7 /* SYToolButton.m */,
			);
			path = View;
			sourceTree = "<group>";
		};
		2FC587891C7A0937003C9A7A /* Libs */ = {
			isa = PBXGroup;
			children = (
				2F0E2CBE1C7BF071004FDA0F /* MBProgressHUD */,
				2F37AB6E1C7B675100D3CD65 /* MMDrawerController */,
				2F37AB6A1C7B63E600D3CD65 /* Catagories */,
				2F2CCBAA1C7B0C1400C45E3D /* MJExtension */,
				2FC587E01C7A0974003C9A7A /* Masonry */,
				2FC587A71C7A096A003C9A7A /* SDWebImage */,
				2FC5878A1C7A0956003C9A7A /* AFNetworking */,
			);
			path = Libs;
			sourceTree = "<group>";
		};
		2FC5878A1C7A0956003C9A7A /* AFNetworking */ = {
			isa = PBXGroup;
			children = (
				2FC5878B1C7A0956003C9A7A /* AFHTTPRequestOperation.h */,
				2FC5878C1C7A0956003C9A7A /* AFHTTPRequestOperation.m */,
				2FC5878D1C7A0956003C9A7A /* AFHTTPRequestOperationManager.h */,
				2FC5878E1C7A0956003C9A7A /* AFHTTPRequestOperationManager.m */,
				2FC5878F1C7A0956003C9A7A /* AFHTTPSessionManager.h */,
				2FC587901C7A0956003C9A7A /* AFHTTPSessionManager.m */,
				2FC587911C7A0956003C9A7A /* AFNetworking.h */,
				2FC587921C7A0956003C9A7A /* AFNetworkReachabilityManager.h */,
				2FC587931C7A0956003C9A7A /* AFNetworkReachabilityManager.m */,
				2FC587941C7A0956003C9A7A /* AFSecurityPolicy.h */,
				2FC587951C7A0956003C9A7A /* AFSecurityPolicy.m */,
				2FC587961C7A0956003C9A7A /* AFURLConnectionOperation.h */,
				2FC587971C7A0956003C9A7A /* AFURLConnectionOperation.m */,
				2FC587981C7A0956003C9A7A /* AFURLRequestSerialization.h */,
				2FC587991C7A0956003C9A7A /* AFURLRequestSerialization.m */,
				2FC5879A1C7A0956003C9A7A /* AFURLResponseSerialization.h */,
				2FC5879B1C7A0956003C9A7A /* AFURLResponseSerialization.m */,
				2FC5879C1C7A0956003C9A7A /* AFURLSessionManager.h */,
				2FC5879D1C7A0956003C9A7A /* AFURLSessionManager.m */,
			);
			path = AFNetworking;
			sourceTree = "<group>";
		};
		2FC587A71C7A096A003C9A7A /* SDWebImage */ = {
			isa = PBXGroup;
			children = (
				2FC587AF1C7A096A003C9A7A /* MKAnnotationView+WebCache.h */,
				2FC587B01C7A096A003C9A7A /* MKAnnotationView+WebCache.m */,
				2FC587B11C7A096A003C9A7A /* NSData+ImageContentType.h */,
				2FC587B21C7A096A003C9A7A /* NSData+ImageContentType.m */,
				2FC587B31C7A096A003C9A7A /* SDImageCache.h */,
				2FC587B41C7A096A003C9A7A /* SDImageCache.m */,
				2FC587B51C7A096A003C9A7A /* SDWebImageCompat.h */,
				2FC587B61C7A096A003C9A7A /* SDWebImageCompat.m */,
				2FC587B71C7A096A003C9A7A /* SDWebImageDecoder.h */,
				2FC587B81C7A096A003C9A7A /* SDWebImageDecoder.m */,
				2FC587B91C7A096A003C9A7A /* SDWebImageDownloader.h */,
				2FC587BA1C7A096A003C9A7A /* SDWebImageDownloader.m */,
				2FC587BB1C7A096A003C9A7A /* SDWebImageDownloaderOperation.h */,
				2FC587BC1C7A096A003C9A7A /* SDWebImageDownloaderOperation.m */,
				2FC587BD1C7A096A003C9A7A /* SDWebImageManager.h */,
				2FC587BE1C7A096A003C9A7A /* SDWebImageManager.m */,
				2FC587BF1C7A096A003C9A7A /* SDWebImageOperation.h */,
				2FC587C01C7A096A003C9A7A /* SDWebImagePrefetcher.h */,
				2FC587C11C7A096A003C9A7A /* SDWebImagePrefetcher.m */,
				2FC587C21C7A096A003C9A7A /* UIButton+WebCache.h */,
				2FC587C31C7A096A003C9A7A /* UIButton+WebCache.m */,
				2FC587C41C7A096A003C9A7A /* UIImage+GIF.h */,
				2FC587C51C7A096A003C9A7A /* UIImage+GIF.m */,
				2FC587C61C7A096A003C9A7A /* UIImage+MultiFormat.h */,
				2FC587C71C7A096A003C9A7A /* UIImage+MultiFormat.m */,
				2FC587C81C7A096A003C9A7A /* UIImage+WebP.h */,
				2FC587C91C7A096A003C9A7A /* UIImage+WebP.m */,
				2FC587CA1C7A096A003C9A7A /* UIImageView+HighlightedWebCache.h */,
				2FC587CB1C7A096A003C9A7A /* UIImageView+HighlightedWebCache.m */,
				2FC587CC1C7A096A003C9A7A /* UIImageView+WebCache.h */,
				2FC587CD1C7A096A003C9A7A /* UIImageView+WebCache.m */,
				2FC587CE1C7A096A003C9A7A /* UIView+WebCacheOperation.h */,
				2FC587CF1C7A096A003C9A7A /* UIView+WebCacheOperation.m */,
			);
			path = SDWebImage;
			sourceTree = "<group>";
		};
		2FC587E01C7A0974003C9A7A /* Masonry */ = {
			isa = PBXGroup;
			children = (
				2FC587E11C7A0974003C9A7A /* MASCompositeConstraint.h */,
				2FC587E21C7A0974003C9A7A /* MASCompositeConstraint.m */,
				2FC587E31C7A0974003C9A7A /* MASConstraint+Private.h */,
				2FC587E41C7A0974003C9A7A /* MASConstraint.h */,
				2FC587E51C7A0974003C9A7A /* MASConstraint.m */,
				2FC587E61C7A0974003C9A7A /* MASConstraintMaker.h */,
				2FC587E71C7A0974003C9A7A /* MASConstraintMaker.m */,
				2FC587E81C7A0974003C9A7A /* MASLayoutConstraint.h */,
				2FC587E91C7A0974003C9A7A /* MASLayoutConstraint.m */,
				2FC587EA1C7A0974003C9A7A /* Masonry.h */,
				2FC587EB1C7A0974003C9A7A /* MASUtilities.h */,
				2FC587EC1C7A0974003C9A7A /* MASViewAttribute.h */,
				2FC587ED1C7A0974003C9A7A /* MASViewAttribute.m */,
				2FC587EE1C7A0974003C9A7A /* MASViewConstraint.h */,
				2FC587EF1C7A0974003C9A7A /* MASViewConstraint.m */,
				2FC587F01C7A0974003C9A7A /* NSArray+MASAdditions.h */,
				2FC587F11C7A0974003C9A7A /* NSArray+MASAdditions.m */,
				2FC587F21C7A0974003C9A7A /* NSArray+MASShorthandAdditions.h */,
				2FC587F31C7A0974003C9A7A /* NSLayoutConstraint+MASDebugAdditions.h */,
				2FC587F41C7A0974003C9A7A /* NSLayoutConstraint+MASDebugAdditions.m */,
				2FC587F51C7A0974003C9A7A /* View+MASAdditions.h */,
				2FC587F61C7A0974003C9A7A /* View+MASAdditions.m */,
				2FC587F71C7A0974003C9A7A /* View+MASShorthandAdditions.h */,
				2FC587F81C7A0974003C9A7A /* ViewController+MASAdditions.h */,
				2FC587F91C7A0974003C9A7A /* ViewController+MASAdditions.m */,
			);
			path = Masonry;
			sourceTree = "<group>";
		};
		2FC588041C7A0B45003C9A7A /* Tool */ = {
			isa = PBXGroup;
			children = (
				2FC588051C7A0B50003C9A7A /* YSHttpTool.h */,
				2FC588061C7A0B50003C9A7A /* YSHttpTool.m */,
			);
			path = Tool;
			sourceTree = "<group>";
		};
/* End PBXGroup section */

/* Begin PBXNativeTarget section */
		2FC587451C79FDEB003C9A7A /* zhihuDaily */ = {
			isa = PBXNativeTarget;
			buildConfigurationList = 2FC587731C79FDEB003C9A7A /* Build configuration list for PBXNativeTarget "zhihuDaily" */;
			buildPhases = (
				2FC587421C79FDEB003C9A7A /* Sources */,
				2FC587431C79FDEB003C9A7A /* Frameworks */,
				2FC587441C79FDEB003C9A7A /* Resources */,
			);
			buildRules = (
			);
			dependencies = (
			);
			name = zhihuDaily;
			productName = zhihuDaily;
			productReference = 2FC587461C79FDEB003C9A7A /* zhihuDaily.app */;
			productType = "com.apple.product-type.application";
		};
		2FC5875E1C79FDEB003C9A7A /* zhihuDailyTests */ = {
			isa = PBXNativeTarget;
			buildConfigurationList = 2FC587761C79FDEB003C9A7A /* Build configuration list for PBXNativeTarget "zhihuDailyTests" */;
			buildPhases = (
				2FC5875B1C79FDEB003C9A7A /* Sources */,
				2FC5875C1C79FDEB003C9A7A /* Frameworks */,
				2FC5875D1C79FDEB003C9A7A /* Resources */,
			);
			buildRules = (
			);
			dependencies = (
				2FC587611C79FDEB003C9A7A /* PBXTargetDependency */,
			);
			name = zhihuDailyTests;
			productName = zhihuDailyTests;
			productReference = 2FC5875F1C79FDEB003C9A7A /* zhihuDailyTests.xctest */;
			productType = "com.apple.product-type.bundle.unit-test";
		};
		2FC587691C79FDEB003C9A7A /* zhihuDailyUITests */ = {
			isa = PBXNativeTarget;
			buildConfigurationList = 2FC587791C79FDEB003C9A7A /* Build configuration list for PBXNativeTarget "zhihuDailyUITests" */;
			buildPhases = (
				2FC587661C79FDEB003C9A7A /* Sources */,
				2FC587671C79FDEB003C9A7A /* Frameworks */,
				2FC587681C79FDEB003C9A7A /* Resources */,
			);
			buildRules = (
			);
			dependencies = (
				2FC5876C1C79FDEB003C9A7A /* PBXTargetDependency */,
			);
			name = zhihuDailyUITests;
			productName = zhihuDailyUITests;
			productReference = 2FC5876A1C79FDEB003C9A7A /* zhihuDailyUITests.xctest */;
			productType = "com.apple.product-type.bundle.ui-testing";
		};
/* End PBXNativeTarget section */

/* Begin PBXProject section */
		2FC5873E1C79FDEB003C9A7A /* Project object */ = {
			isa = PBXProject;
			attributes = {
				CLASSPREFIX = SY;
				LastUpgradeCheck = 0710;
				ORGANIZATIONNAME = yang;
				TargetAttributes = {
					2FC587451C79FDEB003C9A7A = {
						CreatedOnToolsVersion = 7.1;
						DevelopmentTeam = H329J87E3X;
					};
					2FC5875E1C79FDEB003C9A7A = {
						CreatedOnToolsVersion = 7.1;
						DevelopmentTeam = H329J87E3X;
						TestTargetID = 2FC587451C79FDEB003C9A7A;
					};
					2FC587691C79FDEB003C9A7A = {
						CreatedOnToolsVersion = 7.1;
						DevelopmentTeam = H329J87E3X;
						TestTargetID = 2FC587451C79FDEB003C9A7A;
					};
				};
			};
			buildConfigurationList = 2FC587411C79FDEB003C9A7A /* Build configuration list for PBXProject "zhihuDaily" */;
			compatibilityVersion = "Xcode 3.2";
			developmentRegion = English;
			hasScannedForEncodings = 0;
			knownRegions = (
				en,
				Base,
			);
			mainGroup = 2FC5873D1C79FDEB003C9A7A;
			productRefGroup = 2FC587471C79FDEB003C9A7A /* Products */;
			projectDirPath = "";
			projectRoot = "";
			targets = (
				2FC587451C79FDEB003C9A7A /* zhihuDaily */,
				2FC5875E1C79FDEB003C9A7A /* zhihuDailyTests */,
				2FC587691C79FDEB003C9A7A /* zhihuDailyUITests */,
			);
		};
/* End PBXProject section */

/* Begin PBXResourcesBuildPhase section */
		2FC587441C79FDEB003C9A7A /* Resources */ = {
			isa = PBXResourcesBuildPhase;
			buildActionMask = 2147483647;
			files = (
				2FC587591C79FDEB003C9A7A /* LaunchScreen.storyboard in Resources */,
				2F2CCB981C7B016500C45E3D /* SYTableViewCell.xib in Resources */,
				2FC587561C79FDEB003C9A7A /* Assets.xcassets in Resources */,
				2F9995D61C7C0F6B0072C8F0 /* SYWebNavigationView.xib in Resources */,
				2F2CCBA91C7B0B2100C45E3D /* example.json in Resources */,
				2FC587851C79FED8003C9A7A /* SYMainToolBox.xib in Resources */,
				2F0E2CC51C7BF071004FDA0F /* MBProgressHUD.bundle in Resources */,
				2F37AB8B1C7B7F1600D3CD65 /* SYStoryNavigationView.xib in Resources */,
				2F37AB831C7B6E0F00D3CD65 /* SYTopView.xib in Resources */,
				2FC587541C79FDEB003C9A7A /* Main.storyboard in Resources */,
			);
			runOnlyForDeploymentPostprocessing = 0;
		};
		2FC5875D1C79FDEB003C9A7A /* Resources */ = {
			isa = PBXResourcesBuildPhase;
			buildActionMask = 2147483647;
			files = (
			);
			runOnlyForDeploymentPostprocessing = 0;
		};
		2FC587681C79FDEB003C9A7A /* Resources */ = {
			isa = PBXResourcesBuildPhase;
			buildActionMask = 2147483647;
			files = (
			);
			runOnlyForDeploymentPostprocessing = 0;
		};
/* End PBXResourcesBuildPhase section */

/* Begin PBXSourcesBuildPhase section */
		2FC587421C79FDEB003C9A7A /* Sources */ = {
			isa = PBXSourcesBuildPhase;
			buildActionMask = 2147483647;
			files = (
				2FC587DB1C7A096A003C9A7A /* UIImage+MultiFormat.m in Sources */,
				2F0E2CB71C7BDD2B004FDA0F /* SYDetailStory.m in Sources */,
				2FC587DC1C7A096A003C9A7A /* UIImage+WebP.m in Sources */,
				2FC587A31C7A0956003C9A7A /* AFURLConnectionOperation.m in Sources */,
				2FC587D71C7A096A003C9A7A /* SDWebImageManager.m in Sources */,
				2FC588001C7A0974003C9A7A /* NSArray+MASAdditions.m in Sources */,
				2FC5879E1C7A0956003C9A7A /* AFHTTPRequestOperation.m in Sources */,
				2F2CCBA41C7B088E00C45E3D /* SYLastestParamResult.m in Sources */,
				2F2CCBC21C7B0C1400C45E3D /* MJProperty.m in Sources */,
				2FC587A11C7A0956003C9A7A /* AFNetworkReachabilityManager.m in Sources */,
				2FC587A61C7A0956003C9A7A /* AFURLSessionManager.m in Sources */,
				2F2CCBC01C7B0C1400C45E3D /* MJExtensionConst.m in Sources */,
				2F2CCBC31C7B0C1400C45E3D /* MJPropertyKey.m in Sources */,
				2F37AB6D1C7B63F000D3CD65 /* UINavigationController+FDFullscreenPopGesture.m in Sources */,
				2F37AB651C7B4A0F00D3CD65 /* SYProfileController.m in Sources */,
				2FC588021C7A0974003C9A7A /* View+MASAdditions.m in Sources */,
				2F2CCBC81C7B0C1400C45E3D /* NSObject+MJProperty.m in Sources */,
				2FC587FA1C7A0974003C9A7A /* MASCompositeConstraint.m in Sources */,
				2F37AB781C7B675100D3CD65 /* MMDrawerBarButtonItem.m in Sources */,
				2F37AB7B1C7B675100D3CD65 /* UIViewController+MMDrawerController.m in Sources */,
				2F2CCBC41C7B0C1400C45E3D /* MJPropertyType.m in Sources */,
				2F2CCBC91C7B0C1400C45E3D /* NSString+MJExtension.m in Sources */,
				2F0E2CBD1C7BE7F7004FDA0F /* SYImageView.m in Sources */,
				2FC587D51C7A096A003C9A7A /* SDWebImageDownloader.m in Sources */,
				2F37AB7E1C7B6D5200D3CD65 /* UIView+Extension.m in Sources */,
				2FC587A41C7A0956003C9A7A /* AFURLRequestSerialization.m in Sources */,
				2F37AB691C7B4EFF00D3CD65 /* SYDetailController.m in Sources */,
				2FC587A51C7A0956003C9A7A /* AFURLResponseSerialization.m in Sources */,
				2F37AB891C7B7F0B00D3CD65 /* SYStoryNavigationView.m in Sources */,
				2F37AB7A1C7B675100D3CD65 /* MMDrawerVisualState.m in Sources */,
				2FC587D01C7A096A003C9A7A /* MKAnnotationView+WebCache.m in Sources */,
				2FC5874E1C79FDEB003C9A7A /* AppDelegate.m in Sources */,
				2FC587FE1C7A0974003C9A7A /* MASViewAttribute.m in Sources */,
				2F2CCBA71C7B08F600C45E3D /* SYStory.m in Sources */,
				2F2CCBC71C7B0C1400C45E3D /* NSObject+MJKeyValue.m in Sources */,
				2FC587D11C7A096A003C9A7A /* NSData+ImageContentType.m in Sources */,
				2FD803B71C7A3B5500C15EB7 /* SYToolButton.m in Sources */,
				2F0E2CC41C7BF071004FDA0F /* MBProgressHUD+YS.m in Sources */,
				2F37AB791C7B675100D3CD65 /* MMDrawerController.m in Sources */,
				2F2CCBC11C7B0C1400C45E3D /* MJFoundation.m in Sources */,
				2F2CCBCF1C7B26F100C45E3D /* SYSettingController.m in Sources */,
				2F37AB861C7B7D7C00D3CD65 /* SYWebViewController.m in Sources */,
				2F2CCBC51C7B0C1400C45E3D /* NSObject+MJClass.m in Sources */,
				2F2CCBCC1C7B156500C45E3D /* ViewController.m in Sources */,
				2F0E2CBA1C7BE1A0004FDA0F /* SYExtraStory.m in Sources */,
				2FC587FB1C7A0974003C9A7A /* MASConstraint.m in Sources */,
				2FC587DA1C7A096A003C9A7A /* UIImage+GIF.m in Sources */,
				2FC587D91C7A096A003C9A7A /* UIButton+WebCache.m in Sources */,
				2F0E2CC61C7BF071004FDA0F /* MBProgressHUD.m in Sources */,
				2FC5879F1C7A0956003C9A7A /* AFHTTPRequestOperationManager.m in Sources */,
				2FC587FC1C7A0974003C9A7A /* MASConstraintMaker.m in Sources */,
				2FC587D81C7A096A003C9A7A /* SDWebImagePrefetcher.m in Sources */,
				2FC587D41C7A096A003C9A7A /* SDWebImageDecoder.m in Sources */,
				2FC588031C7A0974003C9A7A /* ViewController+MASAdditions.m in Sources */,
				2F2CCB971C7B016500C45E3D /* SYTableViewCell.m in Sources */,
				2F2CCB9E1C7B043000C45E3D /* SYLastestGroup.m in Sources */,
				2FC588071C7A0B50003C9A7A /* YSHttpTool.m in Sources */,
				2F37AB611C7B353300D3CD65 /* SYChannelViewCell.m in Sources */,
				2F2CCBC61C7B0C1400C45E3D /* NSObject+MJCoding.m in Sources */,
				2FC587D21C7A096A003C9A7A /* SDImageCache.m in Sources */,
				2FC587D31C7A096A003C9A7A /* SDWebImageCompat.m in Sources */,
				2FC588011C7A0974003C9A7A /* NSLayoutConstraint+MASDebugAdditions.m in Sources */,
				2FC587DF1C7A096A003C9A7A /* UIView+WebCacheOperation.m in Sources */,
				2FC587FF1C7A0974003C9A7A /* MASViewConstraint.m in Sources */,
				2FC587A21C7A0956003C9A7A /* AFSecurityPolicy.m in Sources */,
				2FC587831C79FECA003C9A7A /* SYMainToolBox.m in Sources */,
				2FC587FD1C7A0974003C9A7A /* MASLayoutConstraint.m in Sources */,
				2FC587D61C7A096A003C9A7A /* SDWebImageDownloaderOperation.m in Sources */,
				2F37AB811C7B6E0300D3CD65 /* SYTopView.m in Sources */,
				2FC5874B1C79FDEB003C9A7A /* main.m in Sources */,
				2F37AB5E1C7B34BA00D3CD65 /* SYChannelController.m in Sources */,
				2FC587DE1C7A096A003C9A7A /* UIImageView+WebCache.m in Sources */,
				2F2CCB7B1C7AE49000C45E3D /* SYMenuItem.m in Sources */,
				2FC587DD1C7A096A003C9A7A /* UIImageView+HighlightedWebCache.m in Sources */,
				2FC587A01C7A0956003C9A7A /* AFHTTPSessionManager.m in Sources */,
				2F0E2CB41C7BDC03004FDA0F /* SYStoryTool.m in Sources */,
				2F2CCB8B1C7AF1C100C45E3D /* SYHomeController.m in Sources */,
			);
			runOnlyForDeploymentPostprocessing = 0;
		};
		2FC5875B1C79FDEB003C9A7A /* Sources */ = {
			isa = PBXSourcesBuildPhase;
			buildActionMask = 2147483647;
			files = (
				2FC587641C79FDEB003C9A7A /* zhihuDailyTests.m in Sources */,
			);
			runOnlyForDeploymentPostprocessing = 0;
		};
		2FC587661C79FDEB003C9A7A /* Sources */ = {
			isa = PBXSourcesBuildPhase;
			buildActionMask = 2147483647;
			files = (
				2FC5876F1C79FDEB003C9A7A /* zhihuDailyUITests.m in Sources */,
			);
			runOnlyForDeploymentPostprocessing = 0;
		};
/* End PBXSourcesBuildPhase section */

/* Begin PBXTargetDependency section */
		2FC587611C79FDEB003C9A7A /* PBXTargetDependency */ = {
			isa = PBXTargetDependency;
			target = 2FC587451C79FDEB003C9A7A /* zhihuDaily */;
			targetProxy = 2FC587601C79FDEB003C9A7A /* PBXContainerItemProxy */;
		};
		2FC5876C1C79FDEB003C9A7A /* PBXTargetDependency */ = {
			isa = PBXTargetDependency;
			target = 2FC587451C79FDEB003C9A7A /* zhihuDaily */;
			targetProxy = 2FC5876B1C79FDEB003C9A7A /* PBXContainerItemProxy */;
		};
/* End PBXTargetDependency section */

/* Begin PBXVariantGroup section */
		2FC587521C79FDEB003C9A7A /* Main.storyboard */ = {
			isa = PBXVariantGroup;
			children = (
				2FC587531C79FDEB003C9A7A /* Base */,
			);
			name = Main.storyboard;
			sourceTree = "<group>";
		};
		2FC587571C79FDEB003C9A7A /* LaunchScreen.storyboard */ = {
			isa = PBXVariantGroup;
			children = (
				2FC587581C79FDEB003C9A7A /* Base */,
			);
			name = LaunchScreen.storyboard;
			sourceTree = "<group>";
		};
/* End PBXVariantGroup section */

/* Begin XCBuildConfiguration section */
		2FC587711C79FDEB003C9A7A /* Debug */ = {
			isa = XCBuildConfiguration;
			buildSettings = {
				ALWAYS_SEARCH_USER_PATHS = NO;
				CLANG_CXX_LANGUAGE_STANDARD = "gnu++0x";
				CLANG_CXX_LIBRARY = "libc++";
				CLANG_ENABLE_MODULES = YES;
				CLANG_ENABLE_OBJC_ARC = YES;
				CLANG_WARN_BOOL_CONVERSION = YES;
				CLANG_WARN_CONSTANT_CONVERSION = YES;
				CLANG_WARN_DIRECT_OBJC_ISA_USAGE = YES_ERROR;
				CLANG_WARN_EMPTY_BODY = YES;
				CLANG_WARN_ENUM_CONVERSION = YES;
				CLANG_WARN_INT_CONVERSION = YES;
				CLANG_WARN_OBJC_ROOT_CLASS = YES_ERROR;
				CLANG_WARN_UNREACHABLE_CODE = YES;
				CLANG_WARN__DUPLICATE_METHOD_MATCH = YES;
				"CODE_SIGN_IDENTITY[sdk=iphoneos*]" = "iPhone Developer";
				COPY_PHASE_STRIP = NO;
				DEBUG_INFORMATION_FORMAT = dwarf;
				ENABLE_STRICT_OBJC_MSGSEND = YES;
				ENABLE_TESTABILITY = YES;
				GCC_C_LANGUAGE_STANDARD = gnu99;
				GCC_DYNAMIC_NO_PIC = NO;
				GCC_NO_COMMON_BLOCKS = YES;
				GCC_OPTIMIZATION_LEVEL = 0;
				GCC_PREPROCESSOR_DEFINITIONS = (
					"DEBUG=1",
					"$(inherited)",
				);
				GCC_WARN_64_TO_32_BIT_CONVERSION = YES;
				GCC_WARN_ABOUT_RETURN_TYPE = YES_ERROR;
				GCC_WARN_UNDECLARED_SELECTOR = YES;
				GCC_WARN_UNINITIALIZED_AUTOS = YES_AGGRESSIVE;
				GCC_WARN_UNUSED_FUNCTION = YES;
				GCC_WARN_UNUSED_VARIABLE = YES;
				IPHONEOS_DEPLOYMENT_TARGET = 9.1;
				MTL_ENABLE_DEBUG_INFO = YES;
				ONLY_ACTIVE_ARCH = YES;
				SDKROOT = iphoneos;
			};
			name = Debug;
		};
		2FC587721C79FDEB003C9A7A /* Release */ = {
			isa = XCBuildConfiguration;
			buildSettings = {
				ALWAYS_SEARCH_USER_PATHS = NO;
				CLANG_CXX_LANGUAGE_STANDARD = "gnu++0x";
				CLANG_CXX_LIBRARY = "libc++";
				CLANG_ENABLE_MODULES = YES;
				CLANG_ENABLE_OBJC_ARC = YES;
				CLANG_WARN_BOOL_CONVERSION = YES;
				CLANG_WARN_CONSTANT_CONVERSION = YES;
				CLANG_WARN_DIRECT_OBJC_ISA_USAGE = YES_ERROR;
				CLANG_WARN_EMPTY_BODY = YES;
				CLANG_WARN_ENUM_CONVERSION = YES;
				CLANG_WARN_INT_CONVERSION = YES;
				CLANG_WARN_OBJC_ROOT_CLASS = YES_ERROR;
				CLANG_WARN_UNREACHABLE_CODE = YES;
				CLANG_WARN__DUPLICATE_METHOD_MATCH = YES;
				"CODE_SIGN_IDENTITY[sdk=iphoneos*]" = "iPhone Developer";
				COPY_PHASE_STRIP = NO;
				DEBUG_INFORMATION_FORMAT = "dwarf-with-dsym";
				ENABLE_NS_ASSERTIONS = NO;
				ENABLE_STRICT_OBJC_MSGSEND = YES;
				GCC_C_LANGUAGE_STANDARD = gnu99;
				GCC_NO_COMMON_BLOCKS = YES;
				GCC_WARN_64_TO_32_BIT_CONVERSION = YES;
				GCC_WARN_ABOUT_RETURN_TYPE = YES_ERROR;
				GCC_WARN_UNDECLARED_SELECTOR = YES;
				GCC_WARN_UNINITIALIZED_AUTOS = YES_AGGRESSIVE;
				GCC_WARN_UNUSED_FUNCTION = YES;
				GCC_WARN_UNUSED_VARIABLE = YES;
				IPHONEOS_DEPLOYMENT_TARGET = 9.1;
				MTL_ENABLE_DEBUG_INFO = NO;
				SDKROOT = iphoneos;
				VALIDATE_PRODUCT = YES;
			};
			name = Release;
		};
		2FC587741C79FDEB003C9A7A /* Debug */ = {
			isa = XCBuildConfiguration;
			buildSettings = {
				ASSETCATALOG_COMPILER_APPICON_NAME = AppIcon;
				GCC_PRECOMPILE_PREFIX_HEADER = YES;
				GCC_PREFIX_HEADER = zhihuDaily/zhihuDaily.pch;
				INFOPLIST_FILE = zhihuDaily/Info.plist;
				IPHONEOS_DEPLOYMENT_TARGET = 8.2;
				LD_RUNPATH_SEARCH_PATHS = "$(inherited) @executable_path/Frameworks";
				PRODUCT_BUNDLE_IDENTIFIER = com.beyanger.zhihuDaily;
				PRODUCT_NAME = "$(TARGET_NAME)";
			};
			name = Debug;
		};
		2FC587751C79FDEB003C9A7A /* Release */ = {
			isa = XCBuildConfiguration;
			buildSettings = {
				ASSETCATALOG_COMPILER_APPICON_NAME = AppIcon;
				GCC_PRECOMPILE_PREFIX_HEADER = YES;
				GCC_PREFIX_HEADER = zhihuDaily/zhihuDaily.pch;
				INFOPLIST_FILE = zhihuDaily/Info.plist;
				IPHONEOS_DEPLOYMENT_TARGET = 8.2;
				LD_RUNPATH_SEARCH_PATHS = "$(inherited) @executable_path/Frameworks";
				PRODUCT_BUNDLE_IDENTIFIER = com.beyanger.zhihuDaily;
				PRODUCT_NAME = "$(TARGET_NAME)";
			};
			name = Release;
		};
		2FC587771C79FDEB003C9A7A /* Debug */ = {
			isa = XCBuildConfiguration;
			buildSettings = {
				BUNDLE_LOADER = "$(TEST_HOST)";
				INFOPLIST_FILE = zhihuDailyTests/Info.plist;
				LD_RUNPATH_SEARCH_PATHS = "$(inherited) @executable_path/Frameworks @loader_path/Frameworks";
				PRODUCT_BUNDLE_IDENTIFIER = com.beyanger.zhihuDailyTests;
				PRODUCT_NAME = "$(TARGET_NAME)";
				TEST_HOST = "$(BUILT_PRODUCTS_DIR)/zhihuDaily.app/zhihuDaily";
			};
			name = Debug;
		};
		2FC587781C79FDEB003C9A7A /* Release */ = {
			isa = XCBuildConfiguration;
			buildSettings = {
				BUNDLE_LOADER = "$(TEST_HOST)";
				INFOPLIST_FILE = zhihuDailyTests/Info.plist;
				LD_RUNPATH_SEARCH_PATHS = "$(inherited) @executable_path/Frameworks @loader_path/Frameworks";
				PRODUCT_BUNDLE_IDENTIFIER = com.beyanger.zhihuDailyTests;
				PRODUCT_NAME = "$(TARGET_NAME)";
				TEST_HOST = "$(BUILT_PRODUCTS_DIR)/zhihuDaily.app/zhihuDaily";
			};
			name = Release;
		};
		2FC5877A1C79FDEB003C9A7A /* Debug */ = {
			isa = XCBuildConfiguration;
			buildSettings = {
				INFOPLIST_FILE = zhihuDailyUITests/Info.plist;
				LD_RUNPATH_SEARCH_PATHS = "$(inherited) @executable_path/Frameworks @loader_path/Frameworks";
				PRODUCT_BUNDLE_IDENTIFIER = com.beyanger.zhihuDailyUITests;
				PRODUCT_NAME = "$(TARGET_NAME)";
				TEST_TARGET_NAME = zhihuDaily;
				USES_XCTRUNNER = YES;
			};
			name = Debug;
		};
		2FC5877B1C79FDEB003C9A7A /* Release */ = {
			isa = XCBuildConfiguration;
			buildSettings = {
				INFOPLIST_FILE = zhihuDailyUITests/Info.plist;
				LD_RUNPATH_SEARCH_PATHS = "$(inherited) @executable_path/Frameworks @loader_path/Frameworks";
				PRODUCT_BUNDLE_IDENTIFIER = com.beyanger.zhihuDailyUITests;
				PRODUCT_NAME = "$(TARGET_NAME)";
				TEST_TARGET_NAME = zhihuDaily;
				USES_XCTRUNNER = YES;
			};
			name = Release;
		};
/* End XCBuildConfiguration section */

/* Begin XCConfigurationList section */
		2FC587411C79FDEB003C9A7A /* Build configuration list for PBXProject "zhihuDaily" */ = {
			isa = XCConfigurationList;
			buildConfigurations = (
				2FC587711C79FDEB003C9A7A /* Debug */,
				2FC587721C79FDEB003C9A7A /* Release */,
			);
			defaultConfigurationIsVisible = 0;
			defaultConfigurationName = Release;
		};
		2FC587731C79FDEB003C9A7A /* Build configuration list for PBXNativeTarget "zhihuDaily" */ = {
			isa = XCConfigurationList;
			buildConfigurations = (
				2FC587741C79FDEB003C9A7A /* Debug */,
				2FC587751C79FDEB003C9A7A /* Release */,
			);
			defaultConfigurationIsVisible = 0;
			defaultConfigurationName = Release;
		};
		2FC587761C79FDEB003C9A7A /* Build configuration list for PBXNativeTarget "zhihuDailyTests" */ = {
			isa = XCConfigurationList;
			buildConfigurations = (
				2FC587771C79FDEB003C9A7A /* Debug */,
				2FC587781C79FDEB003C9A7A /* Release */,
			);
			defaultConfigurationIsVisible = 0;
			defaultConfigurationName = Release;
		};
		2FC587791C79FDEB003C9A7A /* Build configuration list for PBXNativeTarget "zhihuDailyUITests" */ = {
			isa = XCConfigurationList;
			buildConfigurations = (
				2FC5877A1C79FDEB003C9A7A /* Debug */,
				2FC5877B1C79FDEB003C9A7A /* Release */,
			);
			defaultConfigurationIsVisible = 0;
			defaultConfigurationName = Release;
		};
/* End XCConfigurationList section */
	};
	rootObject = 2FC5873E1C79FDEB003C9A7A /* Project object */;
}
